PODS:
  - ADALiOS (1.2.4)
  - LiveSDK (5.6.1)
  - Office365 (0.11.0):
    - Office365/directory (= 0.11.0)
    - Office365/discovery (= 0.11.0)
    - Office365/files (= 0.11.0)
    - Office365/lists (= 0.11.0)
    - Office365/onenote (= 0.11.0)
    - Office365/outlook (= 0.11.0)
    - Office365/unified (= 0.11.0)
    - orc
  - Office365/directory (0.11.0):
    - orc
  - Office365/discovery (0.11.0):
    - orc
  - Office365/files (0.11.0):
    - orc
  - Office365/lists (0.11.0):
    - orc
  - Office365/onenote (0.11.0):
    - orc
  - Office365/outlook (0.11.0):
    - orc
  - Office365/unified (0.11.0):
    - orc
  - orc (0.20.3):
    - ADALiOS (= 1.2.4)
    - LiveSDK (= 5.6.1)

DEPENDENCIES:
  - ADALiOS (~> 1.2)
  - Office365 (~> 0.10)

SPEC CHECKSUMS:
  ADALiOS: 8179aed8e136bf79dca5a4138a0c1a0d52701cb2
  LiveSDK: 2627cf5872b33b3d960df27082a9a17afb74835d
  Office365: aea19942601b73a12cf5f9d9decd96480ae7de1a
  orc: 911989e38b8a018624b3dcd592e4b1f53cf00e04

PODFILE CHECKSUM: 7bf1c3797e090e7f4142fa51f1726e164ac53cbd

COCOAPODS: 1.0.1
