// !$*UTF8*$!
{
	archiveVersion = 1;
	classes = {
	};
	objectVersion = 46;
	objects = {

/* Begin PBXBuildFile section */
		A9842BAC1D0DA1170062A35B /* libantlr3c.a in Frameworks */ = {isa = PBXBuildFile; fileRef = A9842B851D0DA0D00062A35B /* libantlr3c.a */; };
		A9842BAD1D0DA1170062A35B /* libavcodec.a in Frameworks */ = {isa = PBXBuildFile; fileRef = A9842B861D0DA0D00062A35B /* libavcodec.a */; };
		A9842BAE1D0DA1170062A35B /* libavutil.a in Frameworks */ = {isa = PBXBuildFile; fileRef = A9842B871D0DA0D00062A35B /* libavutil.a */; };
		A9842BAF1D0DA1170062A35B /* libbcg729.a in Frameworks */ = {isa = PBXBuildFile; fileRef = A9842B881D0DA0D00062A35B /* libbcg729.a */; };
		A9842BB01D0DA1170062A35B /* libbctoolbox.a in Frameworks */ = {isa = PBXBuildFile; fileRef = A9842B891D0DA0D00062A35B /* libbctoolbox.a */; };
		A9842BB11D0DA1170062A35B /* libbellesip.a in Frameworks */ = {isa = PBXBuildFile; fileRef = A9842B8A1D0DA0D00062A35B /* libbellesip.a */; };
		A9842BB21D0DA1170062A35B /* libbzrtp.a in Frameworks */ = {isa = PBXBuildFile; fileRef = A9842B8B1D0DA0D00062A35B /* libbzrtp.a */; };
		A9842BB31D0DA1170062A35B /* libcorec.a in Frameworks */ = {isa = PBXBuildFile; fileRef = A9842B8C1D0DA0D00062A35B /* libcorec.a */; };
		A9842BB41D0DA1170062A35B /* libcunit.a in Frameworks */ = {isa = PBXBuildFile; fileRef = A9842B8D1D0DA0D00062A35B /* libcunit.a */; };
		A9842BB51D0DA1170062A35B /* libebml2.a in Frameworks */ = {isa = PBXBuildFile; fileRef = A9842B8E1D0DA0D00062A35B /* libebml2.a */; };
		A9842BB61D0DA1170062A35B /* libgsm.a in Frameworks */ = {isa = PBXBuildFile; fileRef = A9842B8F1D0DA0D00062A35B /* libgsm.a */; };
		A9842BB71D0DA1170062A35B /* liblinphone.a in Frameworks */ = {isa = PBXBuildFile; fileRef = A9842B901D0DA0D00062A35B /* liblinphone.a */; };
		A9842BB81D0DA1170062A35B /* liblinphonetester.a in Frameworks */ = {isa = PBXBuildFile; fileRef = A9842B911D0DA0D00062A35B /* liblinphonetester.a */; };
		A9842BB91D0DA1170062A35B /* libmatroska2.a in Frameworks */ = {isa = PBXBuildFile; fileRef = A9842B921D0DA0D00062A35B /* libmatroska2.a */; };
		A9842BBA1D0DA1170062A35B /* libmediastreamer_base.a in Frameworks */ = {isa = PBXBuildFile; fileRef = A9842B931D0DA0D00062A35B /* libmediastreamer_base.a */; };
		A9842BBB1D0DA1170062A35B /* libmediastreamer_voip.a in Frameworks */ = {isa = PBXBuildFile; fileRef = A9842B941D0DA0D00062A35B /* libmediastreamer_voip.a */; };
		A9842BBC1D0DA1170062A35B /* libopencore-amrnb.a in Frameworks */ = {isa = PBXBuildFile; fileRef = A9842B951D0DA0D00062A35B /* libopencore-amrnb.a */; };
		A9842BBD1D0DA1170062A35B /* libopencore-amrwb.a in Frameworks */ = {isa = PBXBuildFile; fileRef = A9842B961D0DA0D00062A35B /* libopencore-amrwb.a */; };
		A9842BBE1D0DA1170062A35B /* libopenh264.a in Frameworks */ = {isa = PBXBuildFile; fileRef = A9842B971D0DA0D00062A35B /* libopenh264.a */; };
		A9842BBF1D0DA1170062A35B /* libopus.a in Frameworks */ = {isa = PBXBuildFile; fileRef = A9842B981D0DA0D00062A35B /* libopus.a */; };
		A9842BC01D0DA1170062A35B /* libortp.a in Frameworks */ = {isa = PBXBuildFile; fileRef = A9842B991D0DA0D00062A35B /* libortp.a */; };
		A9842BC11D0DA1170062A35B /* libpolarssl.a in Frameworks */ = {isa = PBXBuildFile; fileRef = A9842B9A1D0DA0D00062A35B /* libpolarssl.a */; };
		A9842BC21D0DA1170062A35B /* libspeex.a in Frameworks */ = {isa = PBXBuildFile; fileRef = A9842B9B1D0DA0D00062A35B /* libspeex.a */; };
		A9842BC31D0DA1170062A35B /* libspeexdsp.a in Frameworks */ = {isa = PBXBuildFile; fileRef = A9842B9C1D0DA0D00062A35B /* libspeexdsp.a */; };
		A9842BC41D0DA1170062A35B /* libsrtp.a in Frameworks */ = {isa = PBXBuildFile; fileRef = A9842B9D1D0DA0D00062A35B /* libsrtp.a */; };
		A9842BC51D0DA1170062A35B /* libswresample.a in Frameworks */ = {isa = PBXBuildFile; fileRef = A9842B9E1D0DA0D00062A35B /* libswresample.a */; };
		A9842BC61D0DA1170062A35B /* libswscale.a in Frameworks */ = {isa = PBXBuildFile; fileRef = A9842B9F1D0DA0D00062A35B /* libswscale.a */; };
		A9842BC71D0DA1170062A35B /* libtunnel.a in Frameworks */ = {isa = PBXBuildFile; fileRef = A9842BA01D0DA0D00062A35B /* libtunnel.a */; };
		A9842BC81D0DA1170062A35B /* libvo-amrwbenc.a in Frameworks */ = {isa = PBXBuildFile; fileRef = A9842BA11D0DA0D00062A35B /* libvo-amrwbenc.a */; };
		A9842BC91D0DA1170062A35B /* libvpx.a in Frameworks */ = {isa = PBXBuildFile; fileRef = A9842BA21D0DA0D00062A35B /* libvpx.a */; };
		A9842BCA1D0DA1170062A35B /* libx264.a in Frameworks */ = {isa = PBXBuildFile; fileRef = A9842BA31D0DA0D00062A35B /* libx264.a */; };
		A9842BCB1D0DA1440062A35B /* libmsamr.a in Frameworks */ = {isa = PBXBuildFile; fileRef = A9842BA61D0DA0D00062A35B /* libmsamr.a */; };
		A9842BCC1D0DA1440062A35B /* libmsbcg729.a in Frameworks */ = {isa = PBXBuildFile; fileRef = A9842BA71D0DA0D00062A35B /* libmsbcg729.a */; };
		A9842BCD1D0DA1440062A35B /* libmsopenh264.a in Frameworks */ = {isa = PBXBuildFile; fileRef = A9842BA81D0DA0D00062A35B /* libmsopenh264.a */; };
		A9842BCE1D0DA1440062A35B /* libmssilk.a in Frameworks */ = {isa = PBXBuildFile; fileRef = A9842BA91D0DA0D00062A35B /* libmssilk.a */; };
		A9842BCF1D0DA1440062A35B /* libmswebrtc.a in Frameworks */ = {isa = PBXBuildFile; fileRef = A9842BAA1D0DA0D00062A35B /* libmswebrtc.a */; };
		A9842BD01D0DA1440062A35B /* libmsx264.a in Frameworks */ = {isa = PBXBuildFile; fileRef = A9842BAB1D0DA0D00062A35B /* libmsx264.a */; };
		A9842BD21D0DA18D0062A35B /* AVFoundation.framework in Frameworks */ = {isa = PBXBuildFile; fileRef = A9842BD11D0DA18D0062A35B /* AVFoundation.framework */; };
		A9842BD41D0DA1940062A35B /* AudioToolbox.framework in Frameworks */ = {isa = PBXBuildFile; fileRef = A9842BD31D0DA1940062A35B /* AudioToolbox.framework */; };
		A9842BD61D0DA19D0062A35B /* CoreFoundation.framework in Frameworks */ = {isa = PBXBuildFile; fileRef = A9842BD51D0DA19D0062A35B /* CoreFoundation.framework */; };
		A9842BD81D0DA1A40062A35B /* CoreData.framework in Frameworks */ = {isa = PBXBuildFile; fileRef = A9842BD71D0DA1A40062A35B /* CoreData.framework */; };
		A9842BDA1D0DA1AC0062A35B /* CoreAudio.framework in Frameworks */ = {isa = PBXBuildFile; fileRef = A9842BD91D0DA1AC0062A35B /* CoreAudio.framework */; };
		A9842BDC1D0DA1E20062A35B /* LinphoneManager.swift in Sources */ = {isa = PBXBuildFile; fileRef = A9842BDB1D0DA1E20062A35B /* LinphoneManager.swift */; };
		A9842BDE1D0DA2500062A35B /* Secret.plist in Resources */ = {isa = PBXBuildFile; fileRef = A9842BDD1D0DA2500062A35B /* Secret.plist */; };
		A9842BE01D0DA42F0062A35B /* libz.tbd in Frameworks */ = {isa = PBXBuildFile; fileRef = A9842BDF1D0DA42F0062A35B /* libz.tbd */; };
		A9842BE21D0DA4370062A35B /* libsqlite3.tbd in Frameworks */ = {isa = PBXBuildFile; fileRef = A9842BE11D0DA4370062A35B /* libsqlite3.tbd */; };
		A9842BE41D0DA4400062A35B /* libresolv.tbd in Frameworks */ = {isa = PBXBuildFile; fileRef = A9842BE31D0DA4400062A35B /* libresolv.tbd */; };
		A9842BE61D0DA4490062A35B /* libxml2.tbd in Frameworks */ = {isa = PBXBuildFile; fileRef = A9842BE51D0DA4490062A35B /* libxml2.tbd */; };
		A9842BE81D0DA4520062A35B /* libstdc++.tbd in Frameworks */ = {isa = PBXBuildFile; fileRef = A9842BE71D0DA4520062A35B /* libstdc++.tbd */; };
		A9842BEA1D0DA4640062A35B /* libc++abi.tbd in Frameworks */ = {isa = PBXBuildFile; fileRef = A9842BE91D0DA4640062A35B /* libc++abi.tbd */; };
		A9842BED1D0DA48C0062A35B /* libstdc++.6.0.9.tbd in Frameworks */ = {isa = PBXBuildFile; fileRef = A9842BEB1D0DA48C0062A35B /* libstdc++.6.0.9.tbd */; };
		A9842BEE1D0DA48C0062A35B /* libstdc++.6.tbd in Frameworks */ = {isa = PBXBuildFile; fileRef = A9842BEC1D0DA48C0062A35B /* libstdc++.6.tbd */; };
		A9842BF21D0DA5340062A35B /* linphonerc in Resources */ = {isa = PBXBuildFile; fileRef = A9842BF01D0DA5340062A35B /* linphonerc */; };
		A9842BF31D0DA5340062A35B /* linphonerc-factory in Resources */ = {isa = PBXBuildFile; fileRef = A9842BF11D0DA5340062A35B /* linphonerc-factory */; };
		A9863C131D03BB1C003FE7B3 /* ProfileController.swift in Sources */ = {isa = PBXBuildFile; fileRef = A9863C121D03BB1C003FE7B3 /* ProfileController.swift */; };
		A9863C151D03BD4D003FE7B3 /* ApplicationConstants.swift in Sources */ = {isa = PBXBuildFile; fileRef = A9863C141D03BD4D003FE7B3 /* ApplicationConstants.swift */; };
		A9863C171D03BD6D003FE7B3 /* Authentication.swift in Sources */ = {isa = PBXBuildFile; fileRef = A9863C161D03BD6D003FE7B3 /* Authentication.swift */; };
		A9863C371D0579C0003FE7B3 /* LaunchScreen.storyboard in Resources */ = {isa = PBXBuildFile; fileRef = A9863C361D0579C0003FE7B3 /* LaunchScreen.storyboard */; };
		A99663221D0591D4003B5EEE /* TabController.swift in Sources */ = {isa = PBXBuildFile; fileRef = A99663211D0591D4003B5EEE /* TabController.swift */; };
		A99663251D05A105003B5EEE /* CompanyController.swift in Sources */ = {isa = PBXBuildFile; fileRef = A99663241D05A105003B5EEE /* CompanyController.swift */; };
		A99663291D05A81B003B5EEE /* ContactCell.swift in Sources */ = {isa = PBXBuildFile; fileRef = A99663281D05A81B003B5EEE /* ContactCell.swift */; };
		A996632B1D06483D003B5EEE /* ContactStore.swift in Sources */ = {isa = PBXBuildFile; fileRef = A996632A1D06483D003B5EEE /* ContactStore.swift */; };
		A996632D1D064916003B5EEE /* Contact.swift in Sources */ = {isa = PBXBuildFile; fileRef = A996632C1D064916003B5EEE /* Contact.swift */; };
		A9AAE48C1D0273C20034B564 /* AppDelegate.swift in Sources */ = {isa = PBXBuildFile; fileRef = A9AAE48B1D0273C20034B564 /* AppDelegate.swift */; };
		A9AAE48E1D0273C20034B564 /* LoginController.swift in Sources */ = {isa = PBXBuildFile; fileRef = A9AAE48D1D0273C20034B564 /* LoginController.swift */; };
		A9AAE4911D0273C20034B564 /* Main.storyboard in Resources */ = {isa = PBXBuildFile; fileRef = A9AAE48F1D0273C20034B564 /* Main.storyboard */; };
		A9AAE4931D0273C20034B564 /* Assets.xcassets in Resources */ = {isa = PBXBuildFile; fileRef = A9AAE4921D0273C20034B564 /* Assets.xcassets */; };
/* End PBXBuildFile section */

/* Begin PBXFileReference section */
		111C376739DFF46C34F969C9 /* Pods-GoodWox.release.xcconfig */ = {isa = PBXFileReference; includeInIndex = 1; lastKnownFileType = text.xcconfig; name = "Pods-GoodWox.release.xcconfig"; path = "Pods/Target Support Files/Pods-GoodWox/Pods-GoodWox.release.xcconfig"; sourceTree = "<group>"; };
		A9842B851D0DA0D00062A35B /* libantlr3c.a */ = {isa = PBXFileReference; lastKnownFileType = archive.ar; name = libantlr3c.a; path = "liblinphone-sdk/apple-darwin/lib/libantlr3c.a"; sourceTree = "<group>"; };
		A9842B861D0DA0D00062A35B /* libavcodec.a */ = {isa = PBXFileReference; lastKnownFileType = archive.ar; name = libavcodec.a; path = "liblinphone-sdk/apple-darwin/lib/libavcodec.a"; sourceTree = "<group>"; };
		A9842B871D0DA0D00062A35B /* libavutil.a */ = {isa = PBXFileReference; lastKnownFileType = archive.ar; name = libavutil.a; path = "liblinphone-sdk/apple-darwin/lib/libavutil.a"; sourceTree = "<group>"; };
		A9842B881D0DA0D00062A35B /* libbcg729.a */ = {isa = PBXFileReference; lastKnownFileType = archive.ar; name = libbcg729.a; path = "liblinphone-sdk/apple-darwin/lib/libbcg729.a"; sourceTree = "<group>"; };
		A9842B891D0DA0D00062A35B /* libbctoolbox.a */ = {isa = PBXFileReference; lastKnownFileType = archive.ar; name = libbctoolbox.a; path = "liblinphone-sdk/apple-darwin/lib/libbctoolbox.a"; sourceTree = "<group>"; };
		A9842B8A1D0DA0D00062A35B /* libbellesip.a */ = {isa = PBXFileReference; lastKnownFileType = archive.ar; name = libbellesip.a; path = "liblinphone-sdk/apple-darwin/lib/libbellesip.a"; sourceTree = "<group>"; };
		A9842B8B1D0DA0D00062A35B /* libbzrtp.a */ = {isa = PBXFileReference; lastKnownFileType = archive.ar; name = libbzrtp.a; path = "liblinphone-sdk/apple-darwin/lib/libbzrtp.a"; sourceTree = "<group>"; };
		A9842B8C1D0DA0D00062A35B /* libcorec.a */ = {isa = PBXFileReference; lastKnownFileType = archive.ar; name = libcorec.a; path = "liblinphone-sdk/apple-darwin/lib/libcorec.a"; sourceTree = "<group>"; };
		A9842B8D1D0DA0D00062A35B /* libcunit.a */ = {isa = PBXFileReference; lastKnownFileType = archive.ar; name = libcunit.a; path = "liblinphone-sdk/apple-darwin/lib/libcunit.a"; sourceTree = "<group>"; };
		A9842B8E1D0DA0D00062A35B /* libebml2.a */ = {isa = PBXFileReference; lastKnownFileType = archive.ar; name = libebml2.a; path = "liblinphone-sdk/apple-darwin/lib/libebml2.a"; sourceTree = "<group>"; };
		A9842B8F1D0DA0D00062A35B /* libgsm.a */ = {isa = PBXFileReference; lastKnownFileType = archive.ar; name = libgsm.a; path = "liblinphone-sdk/apple-darwin/lib/libgsm.a"; sourceTree = "<group>"; };
		A9842B901D0DA0D00062A35B /* liblinphone.a */ = {isa = PBXFileReference; lastKnownFileType = archive.ar; name = liblinphone.a; path = "liblinphone-sdk/apple-darwin/lib/liblinphone.a"; sourceTree = "<group>"; };
		A9842B911D0DA0D00062A35B /* liblinphonetester.a */ = {isa = PBXFileReference; lastKnownFileType = archive.ar; name = liblinphonetester.a; path = "liblinphone-sdk/apple-darwin/lib/liblinphonetester.a"; sourceTree = "<group>"; };
		A9842B921D0DA0D00062A35B /* libmatroska2.a */ = {isa = PBXFileReference; lastKnownFileType = archive.ar; name = libmatroska2.a; path = "liblinphone-sdk/apple-darwin/lib/libmatroska2.a"; sourceTree = "<group>"; };
		A9842B931D0DA0D00062A35B /* libmediastreamer_base.a */ = {isa = PBXFileReference; lastKnownFileType = archive.ar; name = libmediastreamer_base.a; path = "liblinphone-sdk/apple-darwin/lib/libmediastreamer_base.a"; sourceTree = "<group>"; };
		A9842B941D0DA0D00062A35B /* libmediastreamer_voip.a */ = {isa = PBXFileReference; lastKnownFileType = archive.ar; name = libmediastreamer_voip.a; path = "liblinphone-sdk/apple-darwin/lib/libmediastreamer_voip.a"; sourceTree = "<group>"; };
		A9842B951D0DA0D00062A35B /* libopencore-amrnb.a */ = {isa = PBXFileReference; lastKnownFileType = archive.ar; name = "libopencore-amrnb.a"; path = "liblinphone-sdk/apple-darwin/lib/libopencore-amrnb.a"; sourceTree = "<group>"; };
		A9842B961D0DA0D00062A35B /* libopencore-amrwb.a */ = {isa = PBXFileReference; lastKnownFileType = archive.ar; name = "libopencore-amrwb.a"; path = "liblinphone-sdk/apple-darwin/lib/libopencore-amrwb.a"; sourceTree = "<group>"; };
		A9842B971D0DA0D00062A35B /* libopenh264.a */ = {isa = PBXFileReference; lastKnownFileType = archive.ar; name = libopenh264.a; path = "liblinphone-sdk/apple-darwin/lib/libopenh264.a"; sourceTree = "<group>"; };
		A9842B981D0DA0D00062A35B /* libopus.a */ = {isa = PBXFileReference; lastKnownFileType = archive.ar; name = libopus.a; path = "liblinphone-sdk/apple-darwin/lib/libopus.a"; sourceTree = "<group>"; };
		A9842B991D0DA0D00062A35B /* libortp.a */ = {isa = PBXFileReference; lastKnownFileType = archive.ar; name = libortp.a; path = "liblinphone-sdk/apple-darwin/lib/libortp.a"; sourceTree = "<group>"; };
		A9842B9A1D0DA0D00062A35B /* libpolarssl.a */ = {isa = PBXFileReference; lastKnownFileType = archive.ar; name = libpolarssl.a; path = "liblinphone-sdk/apple-darwin/lib/libpolarssl.a"; sourceTree = "<group>"; };
		A9842B9B1D0DA0D00062A35B /* libspeex.a */ = {isa = PBXFileReference; lastKnownFileType = archive.ar; name = libspeex.a; path = "liblinphone-sdk/apple-darwin/lib/libspeex.a"; sourceTree = "<group>"; };
		A9842B9C1D0DA0D00062A35B /* libspeexdsp.a */ = {isa = PBXFileReference; lastKnownFileType = archive.ar; name = libspeexdsp.a; path = "liblinphone-sdk/apple-darwin/lib/libspeexdsp.a"; sourceTree = "<group>"; };
		A9842B9D1D0DA0D00062A35B /* libsrtp.a */ = {isa = PBXFileReference; lastKnownFileType = archive.ar; name = libsrtp.a; path = "liblinphone-sdk/apple-darwin/lib/libsrtp.a"; sourceTree = "<group>"; };
		A9842B9E1D0DA0D00062A35B /* libswresample.a */ = {isa = PBXFileReference; lastKnownFileType = archive.ar; name = libswresample.a; path = "liblinphone-sdk/apple-darwin/lib/libswresample.a"; sourceTree = "<group>"; };
		A9842B9F1D0DA0D00062A35B /* libswscale.a */ = {isa = PBXFileReference; lastKnownFileType = archive.ar; name = libswscale.a; path = "liblinphone-sdk/apple-darwin/lib/libswscale.a"; sourceTree = "<group>"; };
		A9842BA01D0DA0D00062A35B /* libtunnel.a */ = {isa = PBXFileReference; lastKnownFileType = archive.ar; name = libtunnel.a; path = "liblinphone-sdk/apple-darwin/lib/libtunnel.a"; sourceTree = "<group>"; };
		A9842BA11D0DA0D00062A35B /* libvo-amrwbenc.a */ = {isa = PBXFileReference; lastKnownFileType = archive.ar; name = "libvo-amrwbenc.a"; path = "liblinphone-sdk/apple-darwin/lib/libvo-amrwbenc.a"; sourceTree = "<group>"; };
		A9842BA21D0DA0D00062A35B /* libvpx.a */ = {isa = PBXFileReference; lastKnownFileType = archive.ar; name = libvpx.a; path = "liblinphone-sdk/apple-darwin/lib/libvpx.a"; sourceTree = "<group>"; };
		A9842BA31D0DA0D00062A35B /* libx264.a */ = {isa = PBXFileReference; lastKnownFileType = archive.ar; name = libx264.a; path = "liblinphone-sdk/apple-darwin/lib/libx264.a"; sourceTree = "<group>"; };
		A9842BA61D0DA0D00062A35B /* libmsamr.a */ = {isa = PBXFileReference; lastKnownFileType = archive.ar; path = libmsamr.a; sourceTree = "<group>"; };
		A9842BA71D0DA0D00062A35B /* libmsbcg729.a */ = {isa = PBXFileReference; lastKnownFileType = archive.ar; path = libmsbcg729.a; sourceTree = "<group>"; };
		A9842BA81D0DA0D00062A35B /* libmsopenh264.a */ = {isa = PBXFileReference; lastKnownFileType = archive.ar; path = libmsopenh264.a; sourceTree = "<group>"; };
		A9842BA91D0DA0D00062A35B /* libmssilk.a */ = {isa = PBXFileReference; lastKnownFileType = archive.ar; path = libmssilk.a; sourceTree = "<group>"; };
		A9842BAA1D0DA0D00062A35B /* libmswebrtc.a */ = {isa = PBXFileReference; lastKnownFileType = archive.ar; path = libmswebrtc.a; sourceTree = "<group>"; };
		A9842BAB1D0DA0D00062A35B /* libmsx264.a */ = {isa = PBXFileReference; lastKnownFileType = archive.ar; path = libmsx264.a; sourceTree = "<group>"; };
		A9842BD11D0DA18D0062A35B /* AVFoundation.framework */ = {isa = PBXFileReference; lastKnownFileType = wrapper.framework; name = AVFoundation.framework; path = System/Library/Frameworks/AVFoundation.framework; sourceTree = SDKROOT; };
		A9842BD31D0DA1940062A35B /* AudioToolbox.framework */ = {isa = PBXFileReference; lastKnownFileType = wrapper.framework; name = AudioToolbox.framework; path = System/Library/Frameworks/AudioToolbox.framework; sourceTree = SDKROOT; };
		A9842BD51D0DA19D0062A35B /* CoreFoundation.framework */ = {isa = PBXFileReference; lastKnownFileType = wrapper.framework; name = CoreFoundation.framework; path = System/Library/Frameworks/CoreFoundation.framework; sourceTree = SDKROOT; };
		A9842BD71D0DA1A40062A35B /* CoreData.framework */ = {isa = PBXFileReference; lastKnownFileType = wrapper.framework; name = CoreData.framework; path = System/Library/Frameworks/CoreData.framework; sourceTree = SDKROOT; };
		A9842BD91D0DA1AC0062A35B /* CoreAudio.framework */ = {isa = PBXFileReference; lastKnownFileType = wrapper.framework; name = CoreAudio.framework; path = System/Library/Frameworks/CoreAudio.framework; sourceTree = SDKROOT; };
		A9842BDB1D0DA1E20062A35B /* LinphoneManager.swift */ = {isa = PBXFileReference; fileEncoding = 4; lastKnownFileType = sourcecode.swift; name = LinphoneManager.swift; path = GoodWox/LinphoneManager.swift; sourceTree = "<group>"; };
		A9842BDD1D0DA2500062A35B /* Secret.plist */ = {isa = PBXFileReference; fileEncoding = 4; lastKnownFileType = text.plist.xml; path = Secret.plist; sourceTree = "<group>"; };
		A9842BDF1D0DA42F0062A35B /* libz.tbd */ = {isa = PBXFileReference; lastKnownFileType = "sourcecode.text-based-dylib-definition"; name = libz.tbd; path = usr/lib/libz.tbd; sourceTree = SDKROOT; };
		A9842BE11D0DA4370062A35B /* libsqlite3.tbd */ = {isa = PBXFileReference; lastKnownFileType = "sourcecode.text-based-dylib-definition"; name = libsqlite3.tbd; path = usr/lib/libsqlite3.tbd; sourceTree = SDKROOT; };
		A9842BE31D0DA4400062A35B /* libresolv.tbd */ = {isa = PBXFileReference; lastKnownFileType = "sourcecode.text-based-dylib-definition"; name = libresolv.tbd; path = usr/lib/libresolv.tbd; sourceTree = SDKROOT; };
		A9842BE51D0DA4490062A35B /* libxml2.tbd */ = {isa = PBXFileReference; lastKnownFileType = "sourcecode.text-based-dylib-definition"; name = libxml2.tbd; path = usr/lib/libxml2.tbd; sourceTree = SDKROOT; };
		A9842BE71D0DA4520062A35B /* libstdc++.tbd */ = {isa = PBXFileReference; lastKnownFileType = "sourcecode.text-based-dylib-definition"; name = "libstdc++.tbd"; path = "usr/lib/libstdc++.tbd"; sourceTree = SDKROOT; };
		A9842BE91D0DA4640062A35B /* libc++abi.tbd */ = {isa = PBXFileReference; lastKnownFileType = "sourcecode.text-based-dylib-definition"; name = "libc++abi.tbd"; path = "usr/lib/libc++abi.tbd"; sourceTree = SDKROOT; };
		A9842BEB1D0DA48C0062A35B /* libstdc++.6.0.9.tbd */ = {isa = PBXFileReference; lastKnownFileType = "sourcecode.text-based-dylib-definition"; name = "libstdc++.6.0.9.tbd"; path = "usr/lib/libstdc++.6.0.9.tbd"; sourceTree = SDKROOT; };
		A9842BEC1D0DA48C0062A35B /* libstdc++.6.tbd */ = {isa = PBXFileReference; lastKnownFileType = "sourcecode.text-based-dylib-definition"; name = "libstdc++.6.tbd"; path = "usr/lib/libstdc++.6.tbd"; sourceTree = SDKROOT; };
		A9842BF01D0DA5340062A35B /* linphonerc */ = {isa = PBXFileReference; fileEncoding = 4; lastKnownFileType = text; name = linphonerc; path = "liblinphone-sdk/linphonerc"; sourceTree = "<group>"; };
		A9842BF11D0DA5340062A35B /* linphonerc-factory */ = {isa = PBXFileReference; fileEncoding = 4; lastKnownFileType = text; name = "linphonerc-factory"; path = "liblinphone-sdk/linphonerc-factory"; sourceTree = "<group>"; };
		A9863C121D03BB1C003FE7B3 /* ProfileController.swift */ = {isa = PBXFileReference; fileEncoding = 4; lastKnownFileType = sourcecode.swift; path = ProfileController.swift; sourceTree = "<group>"; };
		A9863C141D03BD4D003FE7B3 /* ApplicationConstants.swift */ = {isa = PBXFileReference; fileEncoding = 4; lastKnownFileType = sourcecode.swift; path = ApplicationConstants.swift; sourceTree = "<group>"; };
		A9863C161D03BD6D003FE7B3 /* Authentication.swift */ = {isa = PBXFileReference; fileEncoding = 4; lastKnownFileType = sourcecode.swift; path = Authentication.swift; sourceTree = "<group>"; };
		A9863C361D0579C0003FE7B3 /* LaunchScreen.storyboard */ = {isa = PBXFileReference; fileEncoding = 4; lastKnownFileType = file.storyboard; path = LaunchScreen.storyboard; sourceTree = "<group>"; };
		A99663211D0591D4003B5EEE /* TabController.swift */ = {isa = PBXFileReference; fileEncoding = 4; lastKnownFileType = sourcecode.swift; path = TabController.swift; sourceTree = "<group>"; };
		A99663241D05A105003B5EEE /* CompanyController.swift */ = {isa = PBXFileReference; fileEncoding = 4; lastKnownFileType = sourcecode.swift; path = CompanyController.swift; sourceTree = "<group>"; };
		A99663281D05A81B003B5EEE /* ContactCell.swift */ = {isa = PBXFileReference; fileEncoding = 4; lastKnownFileType = sourcecode.swift; path = ContactCell.swift; sourceTree = "<group>"; };
		A996632A1D06483D003B5EEE /* ContactStore.swift */ = {isa = PBXFileReference; fileEncoding = 4; lastKnownFileType = sourcecode.swift; path = ContactStore.swift; sourceTree = "<group>"; };
		A996632C1D064916003B5EEE /* Contact.swift */ = {isa = PBXFileReference; fileEncoding = 4; lastKnownFileType = sourcecode.swift; path = Contact.swift; sourceTree = "<group>"; };
		A9AAE4881D0273C20034B564 /* GoodWox.app */ = {isa = PBXFileReference; explicitFileType = wrapper.application; includeInIndex = 0; path = GoodWox.app; sourceTree = BUILT_PRODUCTS_DIR; };
		A9AAE48B1D0273C20034B564 /* AppDelegate.swift */ = {isa = PBXFileReference; lastKnownFileType = sourcecode.swift; path = AppDelegate.swift; sourceTree = "<group>"; };
		A9AAE48D1D0273C20034B564 /* LoginController.swift */ = {isa = PBXFileReference; lastKnownFileType = sourcecode.swift; path = LoginController.swift; sourceTree = "<group>"; };
		A9AAE4901D0273C20034B564 /* Base */ = {isa = PBXFileReference; lastKnownFileType = file.storyboard; name = Base; path = Base.lproj/Main.storyboard; sourceTree = "<group>"; };
		A9AAE4921D0273C20034B564 /* Assets.xcassets */ = {isa = PBXFileReference; lastKnownFileType = folder.assetcatalog; path = Assets.xcassets; sourceTree = "<group>"; };
		A9AAE4971D0273C20034B564 /* Info.plist */ = {isa = PBXFileReference; lastKnownFileType = text.plist.xml; path = Info.plist; sourceTree = "<group>"; };
		A9AAE4B11D02D1A20034B564 /* GoodWox-Bridging-Header.h */ = {isa = PBXFileReference; lastKnownFileType = sourcecode.c.h; path = "GoodWox-Bridging-Header.h"; sourceTree = "<group>"; };
		F8B0F44A3A2F01AA16952C71 /* libPods-GoodWox.a */ = {isa = PBXFileReference; explicitFileType = archive.ar; includeInIndex = 0; path = "libPods-GoodWox.a"; sourceTree = BUILT_PRODUCTS_DIR; };
		F93D50A30AF320F2BB755C5A /* Pods-GoodWox.debug.xcconfig */ = {isa = PBXFileReference; includeInIndex = 1; lastKnownFileType = text.xcconfig; name = "Pods-GoodWox.debug.xcconfig"; path = "Pods/Target Support Files/Pods-GoodWox/Pods-GoodWox.debug.xcconfig"; sourceTree = "<group>"; };
/* End PBXFileReference section */

/* Begin PBXFrameworksBuildPhase section */
		A9AAE4851D0273C20034B564 /* Frameworks */ = {
			isa = PBXFrameworksBuildPhase;
			buildActionMask = 2147483647;
			files = (
				A9842BED1D0DA48C0062A35B /* libstdc++.6.0.9.tbd in Frameworks */,
				A9842BEE1D0DA48C0062A35B /* libstdc++.6.tbd in Frameworks */,
				A9842BEA1D0DA4640062A35B /* libc++abi.tbd in Frameworks */,
				A9842BE81D0DA4520062A35B /* libstdc++.tbd in Frameworks */,
				A9842BE61D0DA4490062A35B /* libxml2.tbd in Frameworks */,
				A9842BE41D0DA4400062A35B /* libresolv.tbd in Frameworks */,
				A9842BE21D0DA4370062A35B /* libsqlite3.tbd in Frameworks */,
				A9842BE01D0DA42F0062A35B /* libz.tbd in Frameworks */,
				A9842BDA1D0DA1AC0062A35B /* CoreAudio.framework in Frameworks */,
				A9842BD81D0DA1A40062A35B /* CoreData.framework in Frameworks */,
				A9842BD61D0DA19D0062A35B /* CoreFoundation.framework in Frameworks */,
				A9842BD41D0DA1940062A35B /* AudioToolbox.framework in Frameworks */,
				A9842BD21D0DA18D0062A35B /* AVFoundation.framework in Frameworks */,
				A9842BCB1D0DA1440062A35B /* libmsamr.a in Frameworks */,
				A9842BCC1D0DA1440062A35B /* libmsbcg729.a in Frameworks */,
				A9842BCD1D0DA1440062A35B /* libmsopenh264.a in Frameworks */,
				A9842BCE1D0DA1440062A35B /* libmssilk.a in Frameworks */,
				A9842BCF1D0DA1440062A35B /* libmswebrtc.a in Frameworks */,
				A9842BD01D0DA1440062A35B /* libmsx264.a in Frameworks */,
				A9842BAC1D0DA1170062A35B /* libantlr3c.a in Frameworks */,
				A9842BAD1D0DA1170062A35B /* libavcodec.a in Frameworks */,
				A9842BAE1D0DA1170062A35B /* libavutil.a in Frameworks */,
				A9842BAF1D0DA1170062A35B /* libbcg729.a in Frameworks */,
				A9842BB01D0DA1170062A35B /* libbctoolbox.a in Frameworks */,
				A9842BB11D0DA1170062A35B /* libbellesip.a in Frameworks */,
				A9842BB21D0DA1170062A35B /* libbzrtp.a in Frameworks */,
				A9842BB31D0DA1170062A35B /* libcorec.a in Frameworks */,
				A9842BB41D0DA1170062A35B /* libcunit.a in Frameworks */,
				A9842BB51D0DA1170062A35B /* libebml2.a in Frameworks */,
				A9842BB61D0DA1170062A35B /* libgsm.a in Frameworks */,
				A9842BB71D0DA1170062A35B /* liblinphone.a in Frameworks */,
				A9842BB81D0DA1170062A35B /* liblinphonetester.a in Frameworks */,
				A9842BB91D0DA1170062A35B /* libmatroska2.a in Frameworks */,
				A9842BBA1D0DA1170062A35B /* libmediastreamer_base.a in Frameworks */,
				A9842BBB1D0DA1170062A35B /* libmediastreamer_voip.a in Frameworks */,
				A9842BBC1D0DA1170062A35B /* libopencore-amrnb.a in Frameworks */,
				A9842BBD1D0DA1170062A35B /* libopencore-amrwb.a in Frameworks */,
				A9842BBE1D0DA1170062A35B /* libopenh264.a in Frameworks */,
				A9842BBF1D0DA1170062A35B /* libopus.a in Frameworks */,
				A9842BC01D0DA1170062A35B /* libortp.a in Frameworks */,
				A9842BC11D0DA1170062A35B /* libpolarssl.a in Frameworks */,
				A9842BC21D0DA1170062A35B /* libspeex.a in Frameworks */,
				A9842BC31D0DA1170062A35B /* libspeexdsp.a in Frameworks */,
				A9842BC41D0DA1170062A35B /* libsrtp.a in Frameworks */,
				A9842BC51D0DA1170062A35B /* libswresample.a in Frameworks */,
				A9842BC61D0DA1170062A35B /* libswscale.a in Frameworks */,
				A9842BC71D0DA1170062A35B /* libtunnel.a in Frameworks */,
				A9842BC81D0DA1170062A35B /* libvo-amrwbenc.a in Frameworks */,
				A9842BC91D0DA1170062A35B /* libvpx.a in Frameworks */,
				A9842BCA1D0DA1170062A35B /* libx264.a in Frameworks */,
			);
			runOnlyForDeploymentPostprocessing = 0;
		};
/* End PBXFrameworksBuildPhase section */

/* Begin PBXGroup section */
		19B95BF27E40B9AD490BDCB3 /* Frameworks */ = {
			isa = PBXGroup;
			children = (
				A9842BEB1D0DA48C0062A35B /* libstdc++.6.0.9.tbd */,
				A9842BEC1D0DA48C0062A35B /* libstdc++.6.tbd */,
				A9842BE91D0DA4640062A35B /* libc++abi.tbd */,
				A9842BE71D0DA4520062A35B /* libstdc++.tbd */,
				A9842BE51D0DA4490062A35B /* libxml2.tbd */,
				A9842BE31D0DA4400062A35B /* libresolv.tbd */,
				A9842BE11D0DA4370062A35B /* libsqlite3.tbd */,
				A9842BDF1D0DA42F0062A35B /* libz.tbd */,
				A9842BD91D0DA1AC0062A35B /* CoreAudio.framework */,
				A9842BD71D0DA1A40062A35B /* CoreData.framework */,
				A9842BD51D0DA19D0062A35B /* CoreFoundation.framework */,
				A9842BD31D0DA1940062A35B /* AudioToolbox.framework */,
				A9842BD11D0DA18D0062A35B /* AVFoundation.framework */,
				A9842B851D0DA0D00062A35B /* libantlr3c.a */,
				A9842B861D0DA0D00062A35B /* libavcodec.a */,
				A9842B871D0DA0D00062A35B /* libavutil.a */,
				A9842B881D0DA0D00062A35B /* libbcg729.a */,
				A9842B891D0DA0D00062A35B /* libbctoolbox.a */,
				A9842B8A1D0DA0D00062A35B /* libbellesip.a */,
				A9842B8B1D0DA0D00062A35B /* libbzrtp.a */,
				A9842B8C1D0DA0D00062A35B /* libcorec.a */,
				A9842B8D1D0DA0D00062A35B /* libcunit.a */,
				A9842B8E1D0DA0D00062A35B /* libebml2.a */,
				A9842B8F1D0DA0D00062A35B /* libgsm.a */,
				A9842B901D0DA0D00062A35B /* liblinphone.a */,
				A9842B911D0DA0D00062A35B /* liblinphonetester.a */,
				A9842B921D0DA0D00062A35B /* libmatroska2.a */,
				A9842B931D0DA0D00062A35B /* libmediastreamer_base.a */,
				A9842B941D0DA0D00062A35B /* libmediastreamer_voip.a */,
				A9842B951D0DA0D00062A35B /* libopencore-amrnb.a */,
				A9842B961D0DA0D00062A35B /* libopencore-amrwb.a */,
				A9842B971D0DA0D00062A35B /* libopenh264.a */,
				A9842B981D0DA0D00062A35B /* libopus.a */,
				A9842B991D0DA0D00062A35B /* libortp.a */,
				A9842B9A1D0DA0D00062A35B /* libpolarssl.a */,
				A9842B9B1D0DA0D00062A35B /* libspeex.a */,
				A9842B9C1D0DA0D00062A35B /* libspeexdsp.a */,
				A9842B9D1D0DA0D00062A35B /* libsrtp.a */,
				A9842B9E1D0DA0D00062A35B /* libswresample.a */,
				A9842B9F1D0DA0D00062A35B /* libswscale.a */,
				A9842BA01D0DA0D00062A35B /* libtunnel.a */,
				A9842BA11D0DA0D00062A35B /* libvo-amrwbenc.a */,
				A9842BA21D0DA0D00062A35B /* libvpx.a */,
				A9842BA31D0DA0D00062A35B /* libx264.a */,
				A9842BA41D0DA0D00062A35B /* mediastreamer */,
				F8B0F44A3A2F01AA16952C71 /* libPods-GoodWox.a */,
			);
			name = Frameworks;
			sourceTree = "<group>";
		};
		203FA76BE0E7B1BF27840E22 /* Pods */ = {
			isa = PBXGroup;
			children = (
				F93D50A30AF320F2BB755C5A /* Pods-GoodWox.debug.xcconfig */,
				111C376739DFF46C34F969C9 /* Pods-GoodWox.release.xcconfig */,
			);
			name = Pods;
			sourceTree = "<group>";
		};
		A9842B5E1D0DA0510062A35B /* Linphone */ = {
			isa = PBXGroup;
			children = (
				A9842BEF1D0DA4DB0062A35B /* config */,
				A9842BDB1D0DA1E20062A35B /* LinphoneManager.swift */,
			);
			name = Linphone;
			sourceTree = "<group>";
		};
		A9842BA41D0DA0D00062A35B /* mediastreamer */ = {
			isa = PBXGroup;
			children = (
				A9842BA51D0DA0D00062A35B /* plugins */,
			);
			name = mediastreamer;
			path = "liblinphone-sdk/apple-darwin/lib/mediastreamer";
			sourceTree = "<group>";
		};
		A9842BA51D0DA0D00062A35B /* plugins */ = {
			isa = PBXGroup;
			children = (
				A9842BA61D0DA0D00062A35B /* libmsamr.a */,
				A9842BA71D0DA0D00062A35B /* libmsbcg729.a */,
				A9842BA81D0DA0D00062A35B /* libmsopenh264.a */,
				A9842BA91D0DA0D00062A35B /* libmssilk.a */,
				A9842BAA1D0DA0D00062A35B /* libmswebrtc.a */,
				A9842BAB1D0DA0D00062A35B /* libmsx264.a */,
			);
			path = plugins;
			sourceTree = "<group>";
		};
		A9842BEF1D0DA4DB0062A35B /* config */ = {
			isa = PBXGroup;
			children = (
				A9842BF01D0DA5340062A35B /* linphonerc */,
				A9842BF11D0DA5340062A35B /* linphonerc-factory */,
			);
			name = config;
			sourceTree = "<group>";
		};
		A9863C0F1D03B919003FE7B3 /* Resource */ = {
			isa = PBXGroup;
			children = (
				A9AAE4971D0273C20034B564 /* Info.plist */,
				A9AAE4921D0273C20034B564 /* Assets.xcassets */,
			);
			name = Resource;
			sourceTree = "<group>";
		};
		A9863C101D03B92A003FE7B3 /* Controller */ = {
			isa = PBXGroup;
			children = (
				A9AAE48B1D0273C20034B564 /* AppDelegate.swift */,
				A9AAE48D1D0273C20034B564 /* LoginController.swift */,
				A99663241D05A105003B5EEE /* CompanyController.swift */,
				A9863C121D03BB1C003FE7B3 /* ProfileController.swift */,
				A99663211D0591D4003B5EEE /* TabController.swift */,
			);
			name = Controller;
			sourceTree = "<group>";
		};
		A9863C111D03B938003FE7B3 /* View */ = {
			isa = PBXGroup;
			children = (
				A9863C361D0579C0003FE7B3 /* LaunchScreen.storyboard */,
				A9AAE48F1D0273C20034B564 /* Main.storyboard */,
			);
			name = View;
			sourceTree = "<group>";
		};
		A99663231D05A0B0003B5EEE /* Model */ = {
			isa = PBXGroup;
			children = (
				A99663281D05A81B003B5EEE /* ContactCell.swift */,
				A996632A1D06483D003B5EEE /* ContactStore.swift */,
				A996632C1D064916003B5EEE /* Contact.swift */,
			);
			name = Model;
			sourceTree = "<group>";
		};
		A9AAE47F1D0273C20034B564 = {
			isa = PBXGroup;
			children = (
				A9842BDD1D0DA2500062A35B /* Secret.plist */,
				A9842B5E1D0DA0510062A35B /* Linphone */,
				A9AAE48A1D0273C20034B564 /* GoodWox */,
				A9AAE4891D0273C20034B564 /* Products */,
				203FA76BE0E7B1BF27840E22 /* Pods */,
				19B95BF27E40B9AD490BDCB3 /* Frameworks */,
			);
			sourceTree = "<group>";
		};
		A9AAE4891D0273C20034B564 /* Products */ = {
			isa = PBXGroup;
			children = (
				A9AAE4881D0273C20034B564 /* GoodWox.app */,
			);
			name = Products;
			sourceTree = "<group>";
		};
		A9AAE48A1D0273C20034B564 /* GoodWox */ = {
			isa = PBXGroup;
			children = (
				A99663231D05A0B0003B5EEE /* Model */,
				A9863C111D03B938003FE7B3 /* View */,
				A9863C101D03B92A003FE7B3 /* Controller */,
				A9863C0F1D03B919003FE7B3 /* Resource */,
				A9AAE4A71D02C9A20034B564 /* Office365 */,
				A9AAE4B11D02D1A20034B564 /* GoodWox-Bridging-Header.h */,
			);
			path = GoodWox;
			sourceTree = "<group>";
		};
		A9AAE4A71D02C9A20034B564 /* Office365 */ = {
			isa = PBXGroup;
			children = (
				A9863C161D03BD6D003FE7B3 /* Authentication.swift */,
				A9863C141D03BD4D003FE7B3 /* ApplicationConstants.swift */,
			);
			path = Office365;
			sourceTree = "<group>";
		};
/* End PBXGroup section */

/* Begin PBXNativeTarget section */
		A9AAE4871D0273C20034B564 /* GoodWox */ = {
			isa = PBXNativeTarget;
			buildConfigurationList = A9AAE49A1D0273C20034B564 /* Build configuration list for PBXNativeTarget "GoodWox" */;
			buildPhases = (
				EE93B588ECFB1AFF777EB341 /* [CP] Check Pods Manifest.lock */,
				A9AAE4841D0273C20034B564 /* Sources */,
				A9AAE4851D0273C20034B564 /* Frameworks */,
				A9AAE4861D0273C20034B564 /* Resources */,
				A2BC0C2BAAB3C42A0BDDFA09 /* [CP] Embed Pods Frameworks */,
				60598BB1E79DFCB2499586A3 /* [CP] Copy Pods Resources */,
			);
			buildRules = (
			);
			dependencies = (
			);
			name = GoodWox;
			productName = GoodWox;
			productReference = A9AAE4881D0273C20034B564 /* GoodWox.app */;
			productType = "com.apple.product-type.application";
		};
/* End PBXNativeTarget section */

/* Begin PBXProject section */
		A9AAE4801D0273C20034B564 /* Project object */ = {
			isa = PBXProject;
			attributes = {
				LastSwiftUpdateCheck = 0730;
				LastUpgradeCheck = 0730;
				ORGANIZATIONNAME = WiAdvance;
				TargetAttributes = {
					A9AAE4871D0273C20034B564 = {
						CreatedOnToolsVersion = 7.3.1;
						DevelopmentTeam = 82F9JAXFE4;
					};
				};
			};
			buildConfigurationList = A9AAE4831D0273C20034B564 /* Build configuration list for PBXProject "GoodWox" */;
			compatibilityVersion = "Xcode 3.2";
			developmentRegion = English;
			hasScannedForEncodings = 0;
			knownRegions = (
				en,
				Base,
			);
			mainGroup = A9AAE47F1D0273C20034B564;
			productRefGroup = A9AAE4891D0273C20034B564 /* Products */;
			projectDirPath = "";
			projectRoot = "";
			targets = (
				A9AAE4871D0273C20034B564 /* GoodWox */,
			);
		};
/* End PBXProject section */

/* Begin PBXResourcesBuildPhase section */
		A9AAE4861D0273C20034B564 /* Resources */ = {
			isa = PBXResourcesBuildPhase;
			buildActionMask = 2147483647;
			files = (
				A9842BF21D0DA5340062A35B /* linphonerc in Resources */,
				A9842BDE1D0DA2500062A35B /* Secret.plist in Resources */,
				A9863C371D0579C0003FE7B3 /* LaunchScreen.storyboard in Resources */,
				A9842BF31D0DA5340062A35B /* linphonerc-factory in Resources */,
				A9AAE4931D0273C20034B564 /* Assets.xcassets in Resources */,
				A9AAE4911D0273C20034B564 /* Main.storyboard in Resources */,
			);
			runOnlyForDeploymentPostprocessing = 0;
		};
/* End PBXResourcesBuildPhase section */

/* Begin PBXShellScriptBuildPhase section */
		60598BB1E79DFCB2499586A3 /* [CP] Copy Pods Resources */ = {
			isa = PBXShellScriptBuildPhase;
			buildActionMask = 2147483647;
			files = (
			);
			inputPaths = (
			);
			name = "[CP] Copy Pods Resources";
			outputPaths = (
			);
			runOnlyForDeploymentPostprocessing = 0;
			shellPath = /bin/sh;
			shellScript = "\"${SRCROOT}/Pods/Target Support Files/Pods-GoodWox/Pods-GoodWox-resources.sh\"\n";
			showEnvVarsInLog = 0;
		};
		A2BC0C2BAAB3C42A0BDDFA09 /* [CP] Embed Pods Frameworks */ = {
			isa = PBXShellScriptBuildPhase;
			buildActionMask = 2147483647;
			files = (
			);
			inputPaths = (
			);
			name = "[CP] Embed Pods Frameworks";
			outputPaths = (
			);
			runOnlyForDeploymentPostprocessing = 0;
			shellPath = /bin/sh;
			shellScript = "\"${SRCROOT}/Pods/Target Support Files/Pods-GoodWox/Pods-GoodWox-frameworks.sh\"\n";
			showEnvVarsInLog = 0;
		};
		EE93B588ECFB1AFF777EB341 /* [CP] Check Pods Manifest.lock */ = {
			isa = PBXShellScriptBuildPhase;
			buildActionMask = 2147483647;
			files = (
			);
			inputPaths = (
			);
			name = "[CP] Check Pods Manifest.lock";
			outputPaths = (
			);
			runOnlyForDeploymentPostprocessing = 0;
			shellPath = /bin/sh;
			shellScript = "diff \"${PODS_ROOT}/../Podfile.lock\" \"${PODS_ROOT}/Manifest.lock\" > /dev/null\nif [[ $? != 0 ]] ; then\n    cat << EOM\nerror: The sandbox is not in sync with the Podfile.lock. Run 'pod install' or update your CocoaPods installation.\nEOM\n    exit 1\nfi\n";
			showEnvVarsInLog = 0;
		};
/* End PBXShellScriptBuildPhase section */

/* Begin PBXSourcesBuildPhase section */
		A9AAE4841D0273C20034B564 /* Sources */ = {
			isa = PBXSourcesBuildPhase;
			buildActionMask = 2147483647;
			files = (
				A99663291D05A81B003B5EEE /* ContactCell.swift in Sources */,
				A9AAE48E1D0273C20034B564 /* LoginController.swift in Sources */,
				A996632D1D064916003B5EEE /* Contact.swift in Sources */,
				A99663221D0591D4003B5EEE /* TabController.swift in Sources */,
				A9AAE48C1D0273C20034B564 /* AppDelegate.swift in Sources */,
				A9863C151D03BD4D003FE7B3 /* ApplicationConstants.swift in Sources */,
				A9863C171D03BD6D003FE7B3 /* Authentication.swift in Sources */,
				A9842BDC1D0DA1E20062A35B /* LinphoneManager.swift in Sources */,
				A99663251D05A105003B5EEE /* CompanyController.swift in Sources */,
				A996632B1D06483D003B5EEE /* ContactStore.swift in Sources */,
				A9863C131D03BB1C003FE7B3 /* ProfileController.swift in Sources */,
			);
			runOnlyForDeploymentPostprocessing = 0;
		};
/* End PBXSourcesBuildPhase section */

/* Begin PBXVariantGroup section */
		A9AAE48F1D0273C20034B564 /* Main.storyboard */ = {
			isa = PBXVariantGroup;
			children = (
				A9AAE4901D0273C20034B564 /* Base */,
			);
			name = Main.storyboard;
			sourceTree = "<group>";
		};
/* End PBXVariantGroup section */

/* Begin XCBuildConfiguration section */
		A9AAE4981D0273C20034B564 /* Debug */ = {
			isa = XCBuildConfiguration;
			buildSettings = {
				ALWAYS_SEARCH_USER_PATHS = NO;
				CLANG_ANALYZER_NONNULL = YES;
				CLANG_CXX_LANGUAGE_STANDARD = "gnu++0x";
				CLANG_CXX_LIBRARY = "libc++";
				CLANG_ENABLE_MODULES = YES;
				CLANG_ENABLE_OBJC_ARC = YES;
				CLANG_WARN_BOOL_CONVERSION = YES;
				CLANG_WARN_CONSTANT_CONVERSION = YES;
				CLANG_WARN_DIRECT_OBJC_ISA_USAGE = YES_ERROR;
				CLANG_WARN_EMPTY_BODY = YES;
				CLANG_WARN_ENUM_CONVERSION = YES;
				CLANG_WARN_INT_CONVERSION = YES;
				CLANG_WARN_OBJC_ROOT_CLASS = YES_ERROR;
				CLANG_WARN_UNREACHABLE_CODE = YES;
				CLANG_WARN__DUPLICATE_METHOD_MATCH = YES;
				"CODE_SIGN_IDENTITY[sdk=iphoneos*]" = "iPhone Developer";
				COPY_PHASE_STRIP = NO;
				DEBUG_INFORMATION_FORMAT = dwarf;
				ENABLE_STRICT_OBJC_MSGSEND = YES;
				ENABLE_TESTABILITY = YES;
				GCC_C_LANGUAGE_STANDARD = gnu99;
				GCC_DYNAMIC_NO_PIC = NO;
				GCC_NO_COMMON_BLOCKS = YES;
				GCC_OPTIMIZATION_LEVEL = 0;
				GCC_PREPROCESSOR_DEFINITIONS = (
					"DEBUG=1",
					"$(inherited)",
				);
				GCC_WARN_64_TO_32_BIT_CONVERSION = YES;
				GCC_WARN_ABOUT_RETURN_TYPE = YES_ERROR;
				GCC_WARN_UNDECLARED_SELECTOR = YES;
				GCC_WARN_UNINITIALIZED_AUTOS = YES_AGGRESSIVE;
				GCC_WARN_UNUSED_FUNCTION = YES;
				GCC_WARN_UNUSED_VARIABLE = YES;
				IPHONEOS_DEPLOYMENT_TARGET = 9.3;
				MTL_ENABLE_DEBUG_INFO = YES;
				ONLY_ACTIVE_ARCH = YES;
				SDKROOT = iphoneos;
				SWIFT_OPTIMIZATION_LEVEL = "-Onone";
				TARGETED_DEVICE_FAMILY = "1,2";
			};
			name = Debug;
		};
		A9AAE4991D0273C20034B564 /* Release */ = {
			isa = XCBuildConfiguration;
			buildSettings = {
				ALWAYS_SEARCH_USER_PATHS = NO;
				CLANG_ANALYZER_NONNULL = YES;
				CLANG_CXX_LANGUAGE_STANDARD = "gnu++0x";
				CLANG_CXX_LIBRARY = "libc++";
				CLANG_ENABLE_MODULES = YES;
				CLANG_ENABLE_OBJC_ARC = YES;
				CLANG_WARN_BOOL_CONVERSION = YES;
				CLANG_WARN_CONSTANT_CONVERSION = YES;
				CLANG_WARN_DIRECT_OBJC_ISA_USAGE = YES_ERROR;
				CLANG_WARN_EMPTY_BODY = YES;
				CLANG_WARN_ENUM_CONVERSION = YES;
				CLANG_WARN_INT_CONVERSION = YES;
				CLANG_WARN_OBJC_ROOT_CLASS = YES_ERROR;
				CLANG_WARN_UNREACHABLE_CODE = YES;
				CLANG_WARN__DUPLICATE_METHOD_MATCH = YES;
				"CODE_SIGN_IDENTITY[sdk=iphoneos*]" = "iPhone Developer";
				COPY_PHASE_STRIP = NO;
				DEBUG_INFORMATION_FORMAT = "dwarf-with-dsym";
				ENABLE_NS_ASSERTIONS = NO;
				ENABLE_STRICT_OBJC_MSGSEND = YES;
				GCC_C_LANGUAGE_STANDARD = gnu99;
				GCC_NO_COMMON_BLOCKS = YES;
				GCC_WARN_64_TO_32_BIT_CONVERSION = YES;
				GCC_WARN_ABOUT_RETURN_TYPE = YES_ERROR;
				GCC_WARN_UNDECLARED_SELECTOR = YES;
				GCC_WARN_UNINITIALIZED_AUTOS = YES_AGGRESSIVE;
				GCC_WARN_UNUSED_FUNCTION = YES;
				GCC_WARN_UNUSED_VARIABLE = YES;
				IPHONEOS_DEPLOYMENT_TARGET = 9.3;
				MTL_ENABLE_DEBUG_INFO = NO;
				SDKROOT = iphoneos;
				TARGETED_DEVICE_FAMILY = "1,2";
				VALIDATE_PRODUCT = YES;
			};
			name = Release;
		};
		A9AAE49B1D0273C20034B564 /* Debug */ = {
			isa = XCBuildConfiguration;
			baseConfigurationReference = F93D50A30AF320F2BB755C5A /* Pods-GoodWox.debug.xcconfig */;
			buildSettings = {
				ALWAYS_SEARCH_USER_PATHS = YES;
				ASSETCATALOG_COMPILER_APPICON_NAME = AppIcon;
				CODE_SIGN_IDENTITY = "iPhone Developer";
				"CODE_SIGN_IDENTITY[sdk=iphoneos*]" = "iPhone Developer";
				INFOPLIST_FILE = GoodWox/Info.plist;
				LD_RUNPATH_SEARCH_PATHS = "$(inherited) @executable_path/Frameworks";
				LIBRARY_SEARCH_PATHS = (
					"$(inherited)",
					"$(PROJECT_DIR)/liblinphone-sdk/apple-darwin/lib",
					"$(PROJECT_DIR)/liblinphone-sdk/apple-darwin/lib/mediastreamer/plugins",
				);
				PRODUCT_BUNDLE_IDENTIFIER = com.wiadvance.GoodWox;
				PRODUCT_NAME = "$(TARGET_NAME)";
				PROVISIONING_PROFILE = "";
				SWIFT_OBJC_BRIDGING_HEADER = "GoodWox/GoodWox-Bridging-Header.h";
				SWIFT_OBJC_INTERFACE_HEADER_NAME = "$(SWIFT_MODULE_NAME)-Swift.h";
				USER_HEADER_SEARCH_PATHS = "$(SRCROOT)/liblinphone-sdk/apple-darwin/include";
			};
			name = Debug;
		};
		A9AAE49C1D0273C20034B564 /* Release */ = {
			isa = XCBuildConfiguration;
			baseConfigurationReference = 111C376739DFF46C34F969C9 /* Pods-GoodWox.release.xcconfig */;
			buildSettings = {
				ALWAYS_SEARCH_USER_PATHS = YES;
				ASSETCATALOG_COMPILER_APPICON_NAME = AppIcon;
				CODE_SIGN_IDENTITY = "iPhone Developer";
				"CODE_SIGN_IDENTITY[sdk=iphoneos*]" = "iPhone Developer";
				INFOPLIST_FILE = GoodWox/Info.plist;
				LD_RUNPATH_SEARCH_PATHS = "$(inherited) @executable_path/Frameworks";
				LIBRARY_SEARCH_PATHS = (
					"$(inherited)",
					"$(PROJECT_DIR)/liblinphone-sdk/apple-darwin/lib",
					"$(PROJECT_DIR)/liblinphone-sdk/apple-darwin/lib/mediastreamer/plugins",
				);
				PRODUCT_BUNDLE_IDENTIFIER = com.wiadvance.GoodWox;
				PRODUCT_NAME = "$(TARGET_NAME)";
				PROVISIONING_PROFILE = "";
				SWIFT_OBJC_BRIDGING_HEADER = "GoodWox/GoodWox-Bridging-Header.h";
				SWIFT_OBJC_INTERFACE_HEADER_NAME = "$(SWIFT_MODULE_NAME)-Swift.h";
				USER_HEADER_SEARCH_PATHS = "$(SRCROOT)/liblinphone-sdk/apple-darwin/include";
			};
			name = Release;
		};
/* End XCBuildConfiguration section */

/* Begin XCConfigurationList section */
		A9AAE4831D0273C20034B564 /* Build configuration list for PBXProject "GoodWox" */ = {
			isa = XCConfigurationList;
			buildConfigurations = (
				A9AAE4981D0273C20034B564 /* Debug */,
				A9AAE4991D0273C20034B564 /* Release */,
			);
			defaultConfigurationIsVisible = 0;
			defaultConfigurationName = Release;
		};
		A9AAE49A1D0273C20034B564 /* Build configuration list for PBXNativeTarget "GoodWox" */ = {
			isa = XCConfigurationList;
			buildConfigurations = (
				A9AAE49B1D0273C20034B564 /* Debug */,
				A9AAE49C1D0273C20034B564 /* Release */,
			);
			defaultConfigurationIsVisible = 0;
			defaultConfigurationName = Release;
		};
/* End XCConfigurationList section */
	};
	rootObject = A9AAE4801D0273C20034B564 /* Project object */;
}
