// !$*UTF8*$!
{
	archiveVersion = 1;
	classes = {
	};
	objectVersion = 46;
	objects = {

/* Begin PBXBuildFile section */
		62D958190217ECD6C13112EB /* Pods_GoodWox.framework in Frameworks */ = {isa = PBXBuildFile; fileRef = B4CA356329D5254247DB2990 /* Pods_GoodWox.framework */; };
		A909B8C01D241A7400166EFF /* CallLog.swift in Sources */ = {isa = PBXBuildFile; fileRef = A909B8BF1D241A7400166EFF /* CallLog.swift */; };
		A909B8C21D241B8400166EFF /* CallLogDbHelper.swift in Sources */ = {isa = PBXBuildFile; fileRef = A909B8C11D241B8400166EFF /* CallLogDbHelper.swift */; };
		A934E1A81D1A826400427A2D /* ApplicaitonStatus.swift in Sources */ = {isa = PBXBuildFile; fileRef = A934E1A71D1A826400427A2D /* ApplicaitonStatus.swift */; };
		A934E1AA1D1AA6E500427A2D /* LinphoneUtil.swift in Sources */ = {isa = PBXBuildFile; fileRef = A934E1A91D1AA6E500427A2D /* LinphoneUtil.swift */; };
		A96B651C1D16D54B00BF2436 /* ReceiveCallController.swift in Sources */ = {isa = PBXBuildFile; fileRef = A96B651B1D16D54B00BF2436 /* ReceiveCallController.swift */; };
		A96B65241D16E1CE00BF2436 /* dont_wait_too_long.mkv in Resources */ = {isa = PBXBuildFile; fileRef = A96B651E1D16E1CE00BF2436 /* dont_wait_too_long.mkv */; };
		A96B65251D16E1CE00BF2436 /* hello8000.wav in Resources */ = {isa = PBXBuildFile; fileRef = A96B651F1D16E1CE00BF2436 /* hello8000.wav */; };
		A96B65261D16E1CE00BF2436 /* hello16000.wav in Resources */ = {isa = PBXBuildFile; fileRef = A96B65201D16E1CE00BF2436 /* hello16000.wav */; };
		A96B65271D16E1CE00BF2436 /* incoming_chat.wav in Resources */ = {isa = PBXBuildFile; fileRef = A96B65211D16E1CE00BF2436 /* incoming_chat.wav */; };
		A96B65281D16E1CE00BF2436 /* ringback.wav in Resources */ = {isa = PBXBuildFile; fileRef = A96B65221D16E1CE00BF2436 /* ringback.wav */; };
		A96B65291D16E1CE00BF2436 /* toy-mono.wav in Resources */ = {isa = PBXBuildFile; fileRef = A96B65231D16E1CE00BF2436 /* toy-mono.wav */; };
		A96B65321D16E1E000BF2436 /* four_hands_together.mkv in Resources */ = {isa = PBXBuildFile; fileRef = A96B652A1D16E1E000BF2436 /* four_hands_together.mkv */; };
		A96B65331D16E1E000BF2436 /* house_keeping.mkv in Resources */ = {isa = PBXBuildFile; fileRef = A96B652B1D16E1E000BF2436 /* house_keeping.mkv */; };
		A96B65341D16E1E000BF2436 /* its_a_game.mkv in Resources */ = {isa = PBXBuildFile; fileRef = A96B652C1D16E1E000BF2436 /* its_a_game.mkv */; };
		A96B65351D16E1E000BF2436 /* leaving_dreams.mkv in Resources */ = {isa = PBXBuildFile; fileRef = A96B652D1D16E1E000BF2436 /* leaving_dreams.mkv */; };
		A96B65361D16E1E000BF2436 /* notes_of_the_optimistic.mkv in Resources */ = {isa = PBXBuildFile; fileRef = A96B652E1D16E1E000BF2436 /* notes_of_the_optimistic.mkv */; };
		A96B65371D16E1E000BF2436 /* oldphone-mono-30s.caf in Resources */ = {isa = PBXBuildFile; fileRef = A96B652F1D16E1E000BF2436 /* oldphone-mono-30s.caf */; };
		A96B65381D16E1E000BF2436 /* oldphone-mono.wav in Resources */ = {isa = PBXBuildFile; fileRef = A96B65301D16E1E000BF2436 /* oldphone-mono.wav */; };
		A96B65391D16E1E000BF2436 /* soft_as_snow.mkv in Resources */ = {isa = PBXBuildFile; fileRef = A96B65311D16E1E000BF2436 /* soft_as_snow.mkv */; };
		A96B653B1D16F81600BF2436 /* CoreMedia.framework in Frameworks */ = {isa = PBXBuildFile; fileRef = A96B653A1D16F81600BF2436 /* CoreMedia.framework */; };
		A96B653D1D1791AF00BF2436 /* ViewControllerHelper.swift in Sources */ = {isa = PBXBuildFile; fileRef = A96B653C1D1791AF00BF2436 /* ViewControllerHelper.swift */; };
		A96B65471D18D56100BF2436 /* ContactCell.xib in Resources */ = {isa = PBXBuildFile; fileRef = A96B65461D18D56100BF2436 /* ContactCell.xib */; };
		A9842BD21D0DA18D0062A35B /* AVFoundation.framework in Frameworks */ = {isa = PBXBuildFile; fileRef = A9842BD11D0DA18D0062A35B /* AVFoundation.framework */; };
		A9842BD41D0DA1940062A35B /* AudioToolbox.framework in Frameworks */ = {isa = PBXBuildFile; fileRef = A9842BD31D0DA1940062A35B /* AudioToolbox.framework */; };
		A9842BD61D0DA19D0062A35B /* CoreFoundation.framework in Frameworks */ = {isa = PBXBuildFile; fileRef = A9842BD51D0DA19D0062A35B /* CoreFoundation.framework */; };
		A9842BD81D0DA1A40062A35B /* CoreData.framework in Frameworks */ = {isa = PBXBuildFile; fileRef = A9842BD71D0DA1A40062A35B /* CoreData.framework */; };
		A9842BDA1D0DA1AC0062A35B /* CoreAudio.framework in Frameworks */ = {isa = PBXBuildFile; fileRef = A9842BD91D0DA1AC0062A35B /* CoreAudio.framework */; };
		A9842BDC1D0DA1E20062A35B /* LinphoneManager.swift in Sources */ = {isa = PBXBuildFile; fileRef = A9842BDB1D0DA1E20062A35B /* LinphoneManager.swift */; };
		A9842BDE1D0DA2500062A35B /* Secret.plist in Resources */ = {isa = PBXBuildFile; fileRef = A9842BDD1D0DA2500062A35B /* Secret.plist */; };
		A9842BE01D0DA42F0062A35B /* libz.tbd in Frameworks */ = {isa = PBXBuildFile; fileRef = A9842BDF1D0DA42F0062A35B /* libz.tbd */; };
		A9842BE21D0DA4370062A35B /* libsqlite3.tbd in Frameworks */ = {isa = PBXBuildFile; fileRef = A9842BE11D0DA4370062A35B /* libsqlite3.tbd */; };
		A9842BE41D0DA4400062A35B /* libresolv.tbd in Frameworks */ = {isa = PBXBuildFile; fileRef = A9842BE31D0DA4400062A35B /* libresolv.tbd */; };
		A9842BE61D0DA4490062A35B /* libxml2.tbd in Frameworks */ = {isa = PBXBuildFile; fileRef = A9842BE51D0DA4490062A35B /* libxml2.tbd */; };
		A9842BE81D0DA4520062A35B /* libstdc++.tbd in Frameworks */ = {isa = PBXBuildFile; fileRef = A9842BE71D0DA4520062A35B /* libstdc++.tbd */; };
		A9842BEA1D0DA4640062A35B /* libc++abi.tbd in Frameworks */ = {isa = PBXBuildFile; fileRef = A9842BE91D0DA4640062A35B /* libc++abi.tbd */; };
		A9842BED1D0DA48C0062A35B /* libstdc++.6.0.9.tbd in Frameworks */ = {isa = PBXBuildFile; fileRef = A9842BEB1D0DA48C0062A35B /* libstdc++.6.0.9.tbd */; };
		A9842BEE1D0DA48C0062A35B /* libstdc++.6.tbd in Frameworks */ = {isa = PBXBuildFile; fileRef = A9842BEC1D0DA48C0062A35B /* libstdc++.6.tbd */; };
		A9842BF21D0DA5340062A35B /* linphonerc in Resources */ = {isa = PBXBuildFile; fileRef = A9842BF01D0DA5340062A35B /* linphonerc */; };
		A9842BF31D0DA5340062A35B /* linphonerc-factory in Resources */ = {isa = PBXBuildFile; fileRef = A9842BF11D0DA5340062A35B /* linphonerc-factory */; };
		A9842BF71D0EA1730062A35B /* OutgoingCallController.swift in Sources */ = {isa = PBXBuildFile; fileRef = A9842BF61D0EA1730062A35B /* OutgoingCallController.swift */; };
		A9842BFD1D0FA45D0062A35B /* exception.m in Sources */ = {isa = PBXBuildFile; fileRef = A9842BFC1D0FA45D0062A35B /* exception.m */; };
		A9842C041D0FE7FE0062A35B /* SipClient.swift in Sources */ = {isa = PBXBuildFile; fileRef = A9842C031D0FE7FE0062A35B /* SipClient.swift */; };
		A9842C241D1183340062A35B /* UserData.swift in Sources */ = {isa = PBXBuildFile; fileRef = A9842C231D1183340062A35B /* UserData.swift */; };
		A986216A1D15495E00BA767D /* ContactDbHelper.swift in Sources */ = {isa = PBXBuildFile; fileRef = A98621691D15495E00BA767D /* ContactDbHelper.swift */; };
		A9863C131D03BB1C003FE7B3 /* ProfileController.swift in Sources */ = {isa = PBXBuildFile; fileRef = A9863C121D03BB1C003FE7B3 /* ProfileController.swift */; };
		A9863C151D03BD4D003FE7B3 /* ApplicationConstants.swift in Sources */ = {isa = PBXBuildFile; fileRef = A9863C141D03BD4D003FE7B3 /* ApplicationConstants.swift */; };
		A9863C171D03BD6D003FE7B3 /* MircosoftGraphAuthentication.swift in Sources */ = {isa = PBXBuildFile; fileRef = A9863C161D03BD6D003FE7B3 /* MircosoftGraphAuthentication.swift */; };
		A9863C371D0579C0003FE7B3 /* LaunchScreen.storyboard in Resources */ = {isa = PBXBuildFile; fileRef = A9863C361D0579C0003FE7B3 /* LaunchScreen.storyboard */; };
		A99414831D2500D900353DE5 /* libx264.a in Frameworks */ = {isa = PBXBuildFile; fileRef = A9842BA31D0DA0D00062A35B /* libx264.a */; };
		A99414841D2500D900353DE5 /* libvpx.a in Frameworks */ = {isa = PBXBuildFile; fileRef = A9842BA21D0DA0D00062A35B /* libvpx.a */; };
		A99414851D2500D900353DE5 /* libvo-amrwbenc.a in Frameworks */ = {isa = PBXBuildFile; fileRef = A9842BA11D0DA0D00062A35B /* libvo-amrwbenc.a */; };
		A99414861D2500D900353DE5 /* libtunnel.a in Frameworks */ = {isa = PBXBuildFile; fileRef = A9842BA01D0DA0D00062A35B /* libtunnel.a */; };
		A99414871D2500D900353DE5 /* libswscale.a in Frameworks */ = {isa = PBXBuildFile; fileRef = A9842B9F1D0DA0D00062A35B /* libswscale.a */; };
		A99414881D2500D900353DE5 /* libswresample.a in Frameworks */ = {isa = PBXBuildFile; fileRef = A9842B9E1D0DA0D00062A35B /* libswresample.a */; };
		A99414891D2500D900353DE5 /* libsrtp.a in Frameworks */ = {isa = PBXBuildFile; fileRef = A9842B9D1D0DA0D00062A35B /* libsrtp.a */; };
		A994148A1D2500D900353DE5 /* libspeexdsp.a in Frameworks */ = {isa = PBXBuildFile; fileRef = A9842B9C1D0DA0D00062A35B /* libspeexdsp.a */; };
		A994148B1D2500D900353DE5 /* libspeex.a in Frameworks */ = {isa = PBXBuildFile; fileRef = A9842B9B1D0DA0D00062A35B /* libspeex.a */; };
		A994148C1D2500D900353DE5 /* libpolarssl.a in Frameworks */ = {isa = PBXBuildFile; fileRef = A9842B9A1D0DA0D00062A35B /* libpolarssl.a */; };
		A994148D1D2500D900353DE5 /* libortp.a in Frameworks */ = {isa = PBXBuildFile; fileRef = A9842B991D0DA0D00062A35B /* libortp.a */; };
		A994148E1D2500D900353DE5 /* libopus.a in Frameworks */ = {isa = PBXBuildFile; fileRef = A9842B981D0DA0D00062A35B /* libopus.a */; };
		A994148F1D2500D900353DE5 /* libopenh264.a in Frameworks */ = {isa = PBXBuildFile; fileRef = A9842B971D0DA0D00062A35B /* libopenh264.a */; };
		A99414901D2500D900353DE5 /* libopencore-amrwb.a in Frameworks */ = {isa = PBXBuildFile; fileRef = A9842B961D0DA0D00062A35B /* libopencore-amrwb.a */; };
		A99414911D2500D900353DE5 /* libopencore-amrnb.a in Frameworks */ = {isa = PBXBuildFile; fileRef = A9842B951D0DA0D00062A35B /* libopencore-amrnb.a */; };
		A99414921D2500D900353DE5 /* libmediastreamer_voip.a in Frameworks */ = {isa = PBXBuildFile; fileRef = A9842B941D0DA0D00062A35B /* libmediastreamer_voip.a */; };
		A99414931D2500D900353DE5 /* libmediastreamer_base.a in Frameworks */ = {isa = PBXBuildFile; fileRef = A9842B931D0DA0D00062A35B /* libmediastreamer_base.a */; };
		A99414941D2500D900353DE5 /* libmatroska2.a in Frameworks */ = {isa = PBXBuildFile; fileRef = A9842B921D0DA0D00062A35B /* libmatroska2.a */; };
		A99414951D2500D900353DE5 /* liblinphonetester.a in Frameworks */ = {isa = PBXBuildFile; fileRef = A9842B911D0DA0D00062A35B /* liblinphonetester.a */; };
		A99414961D2500D900353DE5 /* liblinphone.a in Frameworks */ = {isa = PBXBuildFile; fileRef = A9842B901D0DA0D00062A35B /* liblinphone.a */; };
		A99414971D2500D900353DE5 /* libgsm.a in Frameworks */ = {isa = PBXBuildFile; fileRef = A9842B8F1D0DA0D00062A35B /* libgsm.a */; };
		A99414981D2500D900353DE5 /* libebml2.a in Frameworks */ = {isa = PBXBuildFile; fileRef = A9842B8E1D0DA0D00062A35B /* libebml2.a */; };
		A99414991D2500D900353DE5 /* libcunit.a in Frameworks */ = {isa = PBXBuildFile; fileRef = A9842B8D1D0DA0D00062A35B /* libcunit.a */; };
		A994149A1D2500D900353DE5 /* libcorec.a in Frameworks */ = {isa = PBXBuildFile; fileRef = A9842B8C1D0DA0D00062A35B /* libcorec.a */; };
		A994149B1D2500D900353DE5 /* libbzrtp.a in Frameworks */ = {isa = PBXBuildFile; fileRef = A9842B8B1D0DA0D00062A35B /* libbzrtp.a */; };
		A994149C1D2500D900353DE5 /* libbellesip.a in Frameworks */ = {isa = PBXBuildFile; fileRef = A9842B8A1D0DA0D00062A35B /* libbellesip.a */; };
		A994149D1D2500D900353DE5 /* libbctoolbox.a in Frameworks */ = {isa = PBXBuildFile; fileRef = A9842B891D0DA0D00062A35B /* libbctoolbox.a */; };
		A994149E1D2500D900353DE5 /* libbcg729.a in Frameworks */ = {isa = PBXBuildFile; fileRef = A9842B881D0DA0D00062A35B /* libbcg729.a */; };
		A994149F1D2500D900353DE5 /* libavutil.a in Frameworks */ = {isa = PBXBuildFile; fileRef = A9842B871D0DA0D00062A35B /* libavutil.a */; };
		A99414A01D2500D900353DE5 /* libavcodec.a in Frameworks */ = {isa = PBXBuildFile; fileRef = A9842B861D0DA0D00062A35B /* libavcodec.a */; };
		A99414A11D2500D900353DE5 /* libantlr3c.a in Frameworks */ = {isa = PBXBuildFile; fileRef = A9842B851D0DA0D00062A35B /* libantlr3c.a */; };
		A99414A91D2500D900353DE5 /* libmbedx509.a in Frameworks */ = {isa = PBXBuildFile; fileRef = A99414A21D2500D900353DE5 /* libmbedx509.a */; };
		A99414AA1D2500D900353DE5 /* libmbedtls.a in Frameworks */ = {isa = PBXBuildFile; fileRef = A99414A31D2500D900353DE5 /* libmbedtls.a */; };
		A99414AB1D2500D900353DE5 /* libmbedcrypto.a in Frameworks */ = {isa = PBXBuildFile; fileRef = A99414A41D2500D900353DE5 /* libmbedcrypto.a */; };
		A99414AC1D2500D900353DE5 /* libbv16.a in Frameworks */ = {isa = PBXBuildFile; fileRef = A99414A51D2500D900353DE5 /* libbv16.a */; };
		A99414AD1D2500D900353DE5 /* libbelr.a in Frameworks */ = {isa = PBXBuildFile; fileRef = A99414A61D2500D900353DE5 /* libbelr.a */; };
		A99414AE1D2500D900353DE5 /* libbelcard.a in Frameworks */ = {isa = PBXBuildFile; fileRef = A99414A71D2500D900353DE5 /* libbelcard.a */; };
		A99414AF1D2500D900353DE5 /* libbctoolbox-tester.a in Frameworks */ = {isa = PBXBuildFile; fileRef = A99414A81D2500D900353DE5 /* libbctoolbox-tester.a */; };
		A99414B01D2500E700353DE5 /* libmsx264.a in Frameworks */ = {isa = PBXBuildFile; fileRef = A9842BAB1D0DA0D00062A35B /* libmsx264.a */; };
		A99414B11D2500E700353DE5 /* libmswebrtc.a in Frameworks */ = {isa = PBXBuildFile; fileRef = A9842BAA1D0DA0D00062A35B /* libmswebrtc.a */; };
		A99414B21D2500E700353DE5 /* libmssilk.a in Frameworks */ = {isa = PBXBuildFile; fileRef = A9842BA91D0DA0D00062A35B /* libmssilk.a */; };
		A99414B31D2500E700353DE5 /* libmsopenh264.a in Frameworks */ = {isa = PBXBuildFile; fileRef = A9842BA81D0DA0D00062A35B /* libmsopenh264.a */; };
		A99414B41D2500E700353DE5 /* libmsbcg729.a in Frameworks */ = {isa = PBXBuildFile; fileRef = A9842BA71D0DA0D00062A35B /* libmsbcg729.a */; };
		A99414B51D2500E700353DE5 /* libmsamr.a in Frameworks */ = {isa = PBXBuildFile; fileRef = A9842BA61D0DA0D00062A35B /* libmsamr.a */; };
		A99414B71D25013F00353DE5 /* VideoToolbox.framework in Frameworks */ = {isa = PBXBuildFile; fileRef = A99414B61D25013F00353DE5 /* VideoToolbox.framework */; };
		A99414B91D25015700353DE5 /* libiconv.tbd in Frameworks */ = {isa = PBXBuildFile; fileRef = A99414B81D25015700353DE5 /* libiconv.tbd */; };
		A99663221D0591D4003B5EEE /* TabController.swift in Sources */ = {isa = PBXBuildFile; fileRef = A99663211D0591D4003B5EEE /* TabController.swift */; };
		A99663251D05A105003B5EEE /* CompanyController.swift in Sources */ = {isa = PBXBuildFile; fileRef = A99663241D05A105003B5EEE /* CompanyController.swift */; };
		A99663291D05A81B003B5EEE /* ContactCell.swift in Sources */ = {isa = PBXBuildFile; fileRef = A99663281D05A81B003B5EEE /* ContactCell.swift */; };
		A9AAE48C1D0273C20034B564 /* AppDelegate.swift in Sources */ = {isa = PBXBuildFile; fileRef = A9AAE48B1D0273C20034B564 /* AppDelegate.swift */; };
		A9AAE48E1D0273C20034B564 /* LoginController.swift in Sources */ = {isa = PBXBuildFile; fileRef = A9AAE48D1D0273C20034B564 /* LoginController.swift */; };
		A9AAE4911D0273C20034B564 /* Main.storyboard in Resources */ = {isa = PBXBuildFile; fileRef = A9AAE48F1D0273C20034B564 /* Main.storyboard */; };
		A9AAE4931D0273C20034B564 /* Assets.xcassets in Resources */ = {isa = PBXBuildFile; fileRef = A9AAE4921D0273C20034B564 /* Assets.xcassets */; };
		A9B72B331D221BC200FDA9EE /* Appfile in Resources */ = {isa = PBXBuildFile; fileRef = A9B72B1C1D221BC200FDA9EE /* Appfile */; };
		A9B72B341D221BC200FDA9EE /* Deliverfile in Resources */ = {isa = PBXBuildFile; fileRef = A9B72B1D1D221BC200FDA9EE /* Deliverfile */; };
		A9B72B351D221BC200FDA9EE /* Fastfile in Resources */ = {isa = PBXBuildFile; fileRef = A9B72B1E1D221BC200FDA9EE /* Fastfile */; };
		A9B72B361D221BC200FDA9EE /* copyright.txt in Resources */ = {isa = PBXBuildFile; fileRef = A9B72B201D221BC200FDA9EE /* copyright.txt */; };
		A9B72B371D221BC200FDA9EE /* primary_category.txt in Resources */ = {isa = PBXBuildFile; fileRef = A9B72B211D221BC200FDA9EE /* primary_category.txt */; };
		A9B72B381D221BC200FDA9EE /* primary_first_sub_category.txt in Resources */ = {isa = PBXBuildFile; fileRef = A9B72B221D221BC200FDA9EE /* primary_first_sub_category.txt */; };
		A9B72B391D221BC200FDA9EE /* primary_second_sub_category.txt in Resources */ = {isa = PBXBuildFile; fileRef = A9B72B231D221BC200FDA9EE /* primary_second_sub_category.txt */; };
		A9B72B3A1D221BC200FDA9EE /* secondary_category.txt in Resources */ = {isa = PBXBuildFile; fileRef = A9B72B241D221BC200FDA9EE /* secondary_category.txt */; };
		A9B72B3B1D221BC200FDA9EE /* secondary_first_sub_category.txt in Resources */ = {isa = PBXBuildFile; fileRef = A9B72B251D221BC200FDA9EE /* secondary_first_sub_category.txt */; };
		A9B72B3C1D221BC200FDA9EE /* secondary_second_sub_category.txt in Resources */ = {isa = PBXBuildFile; fileRef = A9B72B261D221BC200FDA9EE /* secondary_second_sub_category.txt */; };
		A9B72B3D1D221BC200FDA9EE /* description.txt in Resources */ = {isa = PBXBuildFile; fileRef = A9B72B281D221BC200FDA9EE /* description.txt */; };
		A9B72B3E1D221BC200FDA9EE /* keywords.txt in Resources */ = {isa = PBXBuildFile; fileRef = A9B72B291D221BC200FDA9EE /* keywords.txt */; };
		A9B72B3F1D221BC200FDA9EE /* marketing_url.txt in Resources */ = {isa = PBXBuildFile; fileRef = A9B72B2A1D221BC200FDA9EE /* marketing_url.txt */; };
		A9B72B401D221BC200FDA9EE /* name.txt in Resources */ = {isa = PBXBuildFile; fileRef = A9B72B2B1D221BC200FDA9EE /* name.txt */; };
		A9B72B411D221BC200FDA9EE /* privacy_url.txt in Resources */ = {isa = PBXBuildFile; fileRef = A9B72B2C1D221BC200FDA9EE /* privacy_url.txt */; };
		A9B72B421D221BC200FDA9EE /* release_notes.txt in Resources */ = {isa = PBXBuildFile; fileRef = A9B72B2D1D221BC200FDA9EE /* release_notes.txt */; };
		A9B72B431D221BC200FDA9EE /* support_url.txt in Resources */ = {isa = PBXBuildFile; fileRef = A9B72B2E1D221BC200FDA9EE /* support_url.txt */; };
		A9B72B441D221BC200FDA9EE /* README.md in Sources */ = {isa = PBXBuildFile; fileRef = A9B72B2F1D221BC200FDA9EE /* README.md */; };
		A9B72B451D221BC200FDA9EE /* report.xml in Resources */ = {isa = PBXBuildFile; fileRef = A9B72B301D221BC200FDA9EE /* report.xml */; };
		A9B72B461D221BC200FDA9EE /* README.txt in Resources */ = {isa = PBXBuildFile; fileRef = A9B72B321D221BC200FDA9EE /* README.txt */; };
		A9B72B4A1D22961A00FDA9EE /* RecordController.swift in Sources */ = {isa = PBXBuildFile; fileRef = A9B72B491D22961A00FDA9EE /* RecordController.swift */; };
		A9C249041D12A00F00430C92 /* PhoneController.swift in Sources */ = {isa = PBXBuildFile; fileRef = A9C249031D12A00F00430C92 /* PhoneController.swift */; };
		A9C249281D13EB2D00430C92 /* InitController.swift in Sources */ = {isa = PBXBuildFile; fileRef = A9C249271D13EB2D00430C92 /* InitController.swift */; };
		A9CD72BC1D1A4CF200F3C44D /* BearerHeaderNetworkFetcher.swift in Sources */ = {isa = PBXBuildFile; fileRef = A9CD72BB1D1A4CF200F3C44D /* BearerHeaderNetworkFetcher.swift */; };
		A9D4698E1D1EB707007C5B2B /* GoodWox.xcdatamodeld in Sources */ = {isa = PBXBuildFile; fileRef = A9D4698C1D1EB707007C5B2B /* GoodWox.xcdatamodeld */; };
		A9D469951D1EB7C7007C5B2B /* Contact+CoreDataProperties.swift in Sources */ = {isa = PBXBuildFile; fileRef = A9D469931D1EB7C7007C5B2B /* Contact+CoreDataProperties.swift */; };
		A9D469961D1EB7C7007C5B2B /* Contact.swift in Sources */ = {isa = PBXBuildFile; fileRef = A9D469941D1EB7C7007C5B2B /* Contact.swift */; };
		A9D469981D1EC9DB007C5B2B /* UIColor.swift in Sources */ = {isa = PBXBuildFile; fileRef = A9D469971D1EC9DA007C5B2B /* UIColor.swift */; };
		A9D4699A1D1ECE49007C5B2B /* FavoriteController.swift in Sources */ = {isa = PBXBuildFile; fileRef = A9D469991D1ECE49007C5B2B /* FavoriteController.swift */; };
		A9F9CA4A1D265A59005B8874 /* CallLogCell.xib in Resources */ = {isa = PBXBuildFile; fileRef = A9F9CA491D265A59005B8874 /* CallLogCell.xib */; };
		A9F9CA4E1D268181005B8874 /* Util.swift in Sources */ = {isa = PBXBuildFile; fileRef = A9F9CA4D1D268181005B8874 /* Util.swift */; };
		A9F9CA501D276613005B8874 /* AddContactController.swift in Sources */ = {isa = PBXBuildFile; fileRef = A9F9CA4F1D276613005B8874 /* AddContactController.swift */; };
/* End PBXBuildFile section */

/* Begin PBXFileReference section */
		111C376739DFF46C34F969C9 /* Pods-GoodWox.release.xcconfig */ = {isa = PBXFileReference; includeInIndex = 1; lastKnownFileType = text.xcconfig; name = "Pods-GoodWox.release.xcconfig"; path = "Pods/Target Support Files/Pods-GoodWox/Pods-GoodWox.release.xcconfig"; sourceTree = "<group>"; };
		A909B8BF1D241A7400166EFF /* CallLog.swift */ = {isa = PBXFileReference; fileEncoding = 4; lastKnownFileType = sourcecode.swift; path = CallLog.swift; sourceTree = "<group>"; };
		A909B8C11D241B8400166EFF /* CallLogDbHelper.swift */ = {isa = PBXFileReference; fileEncoding = 4; lastKnownFileType = sourcecode.swift; path = CallLogDbHelper.swift; sourceTree = "<group>"; };
		A934E1A71D1A826400427A2D /* ApplicaitonStatus.swift */ = {isa = PBXFileReference; fileEncoding = 4; lastKnownFileType = sourcecode.swift; path = ApplicaitonStatus.swift; sourceTree = "<group>"; };
		A934E1A91D1AA6E500427A2D /* LinphoneUtil.swift */ = {isa = PBXFileReference; fileEncoding = 4; lastKnownFileType = sourcecode.swift; path = LinphoneUtil.swift; sourceTree = "<group>"; };
		A96B651B1D16D54B00BF2436 /* ReceiveCallController.swift */ = {isa = PBXFileReference; fileEncoding = 4; lastKnownFileType = sourcecode.swift; path = ReceiveCallController.swift; sourceTree = "<group>"; };
		A96B651E1D16E1CE00BF2436 /* dont_wait_too_long.mkv */ = {isa = PBXFileReference; lastKnownFileType = file; name = dont_wait_too_long.mkv; path = "liblinphone-sdk/apple-darwin/share/sounds/linphone/dont_wait_too_long.mkv"; sourceTree = "<group>"; };
		A96B651F1D16E1CE00BF2436 /* hello8000.wav */ = {isa = PBXFileReference; lastKnownFileType = audio.wav; name = hello8000.wav; path = "liblinphone-sdk/apple-darwin/share/sounds/linphone/hello8000.wav"; sourceTree = "<group>"; };
		A96B65201D16E1CE00BF2436 /* hello16000.wav */ = {isa = PBXFileReference; lastKnownFileType = audio.wav; name = hello16000.wav; path = "liblinphone-sdk/apple-darwin/share/sounds/linphone/hello16000.wav"; sourceTree = "<group>"; };
		A96B65211D16E1CE00BF2436 /* incoming_chat.wav */ = {isa = PBXFileReference; lastKnownFileType = audio.wav; name = incoming_chat.wav; path = "liblinphone-sdk/apple-darwin/share/sounds/linphone/incoming_chat.wav"; sourceTree = "<group>"; };
		A96B65221D16E1CE00BF2436 /* ringback.wav */ = {isa = PBXFileReference; lastKnownFileType = audio.wav; name = ringback.wav; path = "liblinphone-sdk/apple-darwin/share/sounds/linphone/ringback.wav"; sourceTree = "<group>"; };
		A96B65231D16E1CE00BF2436 /* toy-mono.wav */ = {isa = PBXFileReference; lastKnownFileType = audio.wav; name = "toy-mono.wav"; path = "liblinphone-sdk/apple-darwin/share/sounds/linphone/toy-mono.wav"; sourceTree = "<group>"; };
		A96B652A1D16E1E000BF2436 /* four_hands_together.mkv */ = {isa = PBXFileReference; lastKnownFileType = file; name = four_hands_together.mkv; path = "liblinphone-sdk/apple-darwin/share/sounds/linphone/rings/four_hands_together.mkv"; sourceTree = "<group>"; };
		A96B652B1D16E1E000BF2436 /* house_keeping.mkv */ = {isa = PBXFileReference; lastKnownFileType = file; name = house_keeping.mkv; path = "liblinphone-sdk/apple-darwin/share/sounds/linphone/rings/house_keeping.mkv"; sourceTree = "<group>"; };
		A96B652C1D16E1E000BF2436 /* its_a_game.mkv */ = {isa = PBXFileReference; lastKnownFileType = file; name = its_a_game.mkv; path = "liblinphone-sdk/apple-darwin/share/sounds/linphone/rings/its_a_game.mkv"; sourceTree = "<group>"; };
		A96B652D1D16E1E000BF2436 /* leaving_dreams.mkv */ = {isa = PBXFileReference; lastKnownFileType = file; name = leaving_dreams.mkv; path = "liblinphone-sdk/apple-darwin/share/sounds/linphone/rings/leaving_dreams.mkv"; sourceTree = "<group>"; };
		A96B652E1D16E1E000BF2436 /* notes_of_the_optimistic.mkv */ = {isa = PBXFileReference; lastKnownFileType = file; name = notes_of_the_optimistic.mkv; path = "liblinphone-sdk/apple-darwin/share/sounds/linphone/rings/notes_of_the_optimistic.mkv"; sourceTree = "<group>"; };
		A96B652F1D16E1E000BF2436 /* oldphone-mono-30s.caf */ = {isa = PBXFileReference; lastKnownFileType = file; name = "oldphone-mono-30s.caf"; path = "liblinphone-sdk/apple-darwin/share/sounds/linphone/rings/oldphone-mono-30s.caf"; sourceTree = "<group>"; };
		A96B65301D16E1E000BF2436 /* oldphone-mono.wav */ = {isa = PBXFileReference; lastKnownFileType = audio.wav; name = "oldphone-mono.wav"; path = "liblinphone-sdk/apple-darwin/share/sounds/linphone/rings/oldphone-mono.wav"; sourceTree = "<group>"; };
		A96B65311D16E1E000BF2436 /* soft_as_snow.mkv */ = {isa = PBXFileReference; lastKnownFileType = file; name = soft_as_snow.mkv; path = "liblinphone-sdk/apple-darwin/share/sounds/linphone/rings/soft_as_snow.mkv"; sourceTree = "<group>"; };
		A96B653A1D16F81600BF2436 /* CoreMedia.framework */ = {isa = PBXFileReference; lastKnownFileType = wrapper.framework; name = CoreMedia.framework; path = System/Library/Frameworks/CoreMedia.framework; sourceTree = SDKROOT; };
		A96B653C1D1791AF00BF2436 /* ViewControllerHelper.swift */ = {isa = PBXFileReference; fileEncoding = 4; lastKnownFileType = sourcecode.swift; path = ViewControllerHelper.swift; sourceTree = "<group>"; };
		A96B65461D18D56100BF2436 /* ContactCell.xib */ = {isa = PBXFileReference; fileEncoding = 4; lastKnownFileType = file.xib; path = ContactCell.xib; sourceTree = "<group>"; };
		A9842B851D0DA0D00062A35B /* libantlr3c.a */ = {isa = PBXFileReference; lastKnownFileType = archive.ar; name = libantlr3c.a; path = "liblinphone-sdk/apple-darwin/lib/libantlr3c.a"; sourceTree = "<group>"; };
		A9842B861D0DA0D00062A35B /* libavcodec.a */ = {isa = PBXFileReference; lastKnownFileType = archive.ar; name = libavcodec.a; path = "liblinphone-sdk/apple-darwin/lib/libavcodec.a"; sourceTree = "<group>"; };
		A9842B871D0DA0D00062A35B /* libavutil.a */ = {isa = PBXFileReference; lastKnownFileType = archive.ar; name = libavutil.a; path = "liblinphone-sdk/apple-darwin/lib/libavutil.a"; sourceTree = "<group>"; };
		A9842B881D0DA0D00062A35B /* libbcg729.a */ = {isa = PBXFileReference; lastKnownFileType = archive.ar; name = libbcg729.a; path = "liblinphone-sdk/apple-darwin/lib/libbcg729.a"; sourceTree = "<group>"; };
		A9842B891D0DA0D00062A35B /* libbctoolbox.a */ = {isa = PBXFileReference; lastKnownFileType = archive.ar; name = libbctoolbox.a; path = "liblinphone-sdk/apple-darwin/lib/libbctoolbox.a"; sourceTree = "<group>"; };
		A9842B8A1D0DA0D00062A35B /* libbellesip.a */ = {isa = PBXFileReference; lastKnownFileType = archive.ar; name = libbellesip.a; path = "liblinphone-sdk/apple-darwin/lib/libbellesip.a"; sourceTree = "<group>"; };
		A9842B8B1D0DA0D00062A35B /* libbzrtp.a */ = {isa = PBXFileReference; lastKnownFileType = archive.ar; name = libbzrtp.a; path = "liblinphone-sdk/apple-darwin/lib/libbzrtp.a"; sourceTree = "<group>"; };
		A9842B8C1D0DA0D00062A35B /* libcorec.a */ = {isa = PBXFileReference; lastKnownFileType = archive.ar; name = libcorec.a; path = "liblinphone-sdk/apple-darwin/lib/libcorec.a"; sourceTree = "<group>"; };
		A9842B8D1D0DA0D00062A35B /* libcunit.a */ = {isa = PBXFileReference; lastKnownFileType = archive.ar; name = libcunit.a; path = "liblinphone-sdk/apple-darwin/lib/libcunit.a"; sourceTree = "<group>"; };
		A9842B8E1D0DA0D00062A35B /* libebml2.a */ = {isa = PBXFileReference; lastKnownFileType = archive.ar; name = libebml2.a; path = "liblinphone-sdk/apple-darwin/lib/libebml2.a"; sourceTree = "<group>"; };
		A9842B8F1D0DA0D00062A35B /* libgsm.a */ = {isa = PBXFileReference; lastKnownFileType = archive.ar; name = libgsm.a; path = "liblinphone-sdk/apple-darwin/lib/libgsm.a"; sourceTree = "<group>"; };
		A9842B901D0DA0D00062A35B /* liblinphone.a */ = {isa = PBXFileReference; lastKnownFileType = archive.ar; name = liblinphone.a; path = "liblinphone-sdk/apple-darwin/lib/liblinphone.a"; sourceTree = "<group>"; };
		A9842B911D0DA0D00062A35B /* liblinphonetester.a */ = {isa = PBXFileReference; lastKnownFileType = archive.ar; name = liblinphonetester.a; path = "liblinphone-sdk/apple-darwin/lib/liblinphonetester.a"; sourceTree = "<group>"; };
		A9842B921D0DA0D00062A35B /* libmatroska2.a */ = {isa = PBXFileReference; lastKnownFileType = archive.ar; name = libmatroska2.a; path = "liblinphone-sdk/apple-darwin/lib/libmatroska2.a"; sourceTree = "<group>"; };
		A9842B931D0DA0D00062A35B /* libmediastreamer_base.a */ = {isa = PBXFileReference; lastKnownFileType = archive.ar; name = libmediastreamer_base.a; path = "liblinphone-sdk/apple-darwin/lib/libmediastreamer_base.a"; sourceTree = "<group>"; };
		A9842B941D0DA0D00062A35B /* libmediastreamer_voip.a */ = {isa = PBXFileReference; lastKnownFileType = archive.ar; name = libmediastreamer_voip.a; path = "liblinphone-sdk/apple-darwin/lib/libmediastreamer_voip.a"; sourceTree = "<group>"; };
		A9842B951D0DA0D00062A35B /* libopencore-amrnb.a */ = {isa = PBXFileReference; lastKnownFileType = archive.ar; name = "libopencore-amrnb.a"; path = "liblinphone-sdk/apple-darwin/lib/libopencore-amrnb.a"; sourceTree = "<group>"; };
		A9842B961D0DA0D00062A35B /* libopencore-amrwb.a */ = {isa = PBXFileReference; lastKnownFileType = archive.ar; name = "libopencore-amrwb.a"; path = "liblinphone-sdk/apple-darwin/lib/libopencore-amrwb.a"; sourceTree = "<group>"; };
		A9842B971D0DA0D00062A35B /* libopenh264.a */ = {isa = PBXFileReference; lastKnownFileType = archive.ar; name = libopenh264.a; path = "liblinphone-sdk/apple-darwin/lib/libopenh264.a"; sourceTree = "<group>"; };
		A9842B981D0DA0D00062A35B /* libopus.a */ = {isa = PBXFileReference; lastKnownFileType = archive.ar; name = libopus.a; path = "liblinphone-sdk/apple-darwin/lib/libopus.a"; sourceTree = "<group>"; };
		A9842B991D0DA0D00062A35B /* libortp.a */ = {isa = PBXFileReference; lastKnownFileType = archive.ar; name = libortp.a; path = "liblinphone-sdk/apple-darwin/lib/libortp.a"; sourceTree = "<group>"; };
		A9842B9A1D0DA0D00062A35B /* libpolarssl.a */ = {isa = PBXFileReference; lastKnownFileType = archive.ar; name = libpolarssl.a; path = "liblinphone-sdk/apple-darwin/lib/libpolarssl.a"; sourceTree = "<group>"; };
		A9842B9B1D0DA0D00062A35B /* libspeex.a */ = {isa = PBXFileReference; lastKnownFileType = archive.ar; name = libspeex.a; path = "liblinphone-sdk/apple-darwin/lib/libspeex.a"; sourceTree = "<group>"; };
		A9842B9C1D0DA0D00062A35B /* libspeexdsp.a */ = {isa = PBXFileReference; lastKnownFileType = archive.ar; name = libspeexdsp.a; path = "liblinphone-sdk/apple-darwin/lib/libspeexdsp.a"; sourceTree = "<group>"; };
		A9842B9D1D0DA0D00062A35B /* libsrtp.a */ = {isa = PBXFileReference; lastKnownFileType = archive.ar; name = libsrtp.a; path = "liblinphone-sdk/apple-darwin/lib/libsrtp.a"; sourceTree = "<group>"; };
		A9842B9E1D0DA0D00062A35B /* libswresample.a */ = {isa = PBXFileReference; lastKnownFileType = archive.ar; name = libswresample.a; path = "liblinphone-sdk/apple-darwin/lib/libswresample.a"; sourceTree = "<group>"; };
		A9842B9F1D0DA0D00062A35B /* libswscale.a */ = {isa = PBXFileReference; lastKnownFileType = archive.ar; name = libswscale.a; path = "liblinphone-sdk/apple-darwin/lib/libswscale.a"; sourceTree = "<group>"; };
		A9842BA01D0DA0D00062A35B /* libtunnel.a */ = {isa = PBXFileReference; lastKnownFileType = archive.ar; name = libtunnel.a; path = "liblinphone-sdk/apple-darwin/lib/libtunnel.a"; sourceTree = "<group>"; };
		A9842BA11D0DA0D00062A35B /* libvo-amrwbenc.a */ = {isa = PBXFileReference; lastKnownFileType = archive.ar; name = "libvo-amrwbenc.a"; path = "liblinphone-sdk/apple-darwin/lib/libvo-amrwbenc.a"; sourceTree = "<group>"; };
		A9842BA21D0DA0D00062A35B /* libvpx.a */ = {isa = PBXFileReference; lastKnownFileType = archive.ar; name = libvpx.a; path = "liblinphone-sdk/apple-darwin/lib/libvpx.a"; sourceTree = "<group>"; };
		A9842BA31D0DA0D00062A35B /* libx264.a */ = {isa = PBXFileReference; lastKnownFileType = archive.ar; name = libx264.a; path = "liblinphone-sdk/apple-darwin/lib/libx264.a"; sourceTree = "<group>"; };
		A9842BA61D0DA0D00062A35B /* libmsamr.a */ = {isa = PBXFileReference; lastKnownFileType = archive.ar; path = libmsamr.a; sourceTree = "<group>"; };
		A9842BA71D0DA0D00062A35B /* libmsbcg729.a */ = {isa = PBXFileReference; lastKnownFileType = archive.ar; path = libmsbcg729.a; sourceTree = "<group>"; };
		A9842BA81D0DA0D00062A35B /* libmsopenh264.a */ = {isa = PBXFileReference; lastKnownFileType = archive.ar; path = libmsopenh264.a; sourceTree = "<group>"; };
		A9842BA91D0DA0D00062A35B /* libmssilk.a */ = {isa = PBXFileReference; lastKnownFileType = archive.ar; path = libmssilk.a; sourceTree = "<group>"; };
		A9842BAA1D0DA0D00062A35B /* libmswebrtc.a */ = {isa = PBXFileReference; lastKnownFileType = archive.ar; path = libmswebrtc.a; sourceTree = "<group>"; };
		A9842BAB1D0DA0D00062A35B /* libmsx264.a */ = {isa = PBXFileReference; lastKnownFileType = archive.ar; path = libmsx264.a; sourceTree = "<group>"; };
		A9842BD11D0DA18D0062A35B /* AVFoundation.framework */ = {isa = PBXFileReference; lastKnownFileType = wrapper.framework; name = AVFoundation.framework; path = System/Library/Frameworks/AVFoundation.framework; sourceTree = SDKROOT; };
		A9842BD31D0DA1940062A35B /* AudioToolbox.framework */ = {isa = PBXFileReference; lastKnownFileType = wrapper.framework; name = AudioToolbox.framework; path = System/Library/Frameworks/AudioToolbox.framework; sourceTree = SDKROOT; };
		A9842BD51D0DA19D0062A35B /* CoreFoundation.framework */ = {isa = PBXFileReference; lastKnownFileType = wrapper.framework; name = CoreFoundation.framework; path = System/Library/Frameworks/CoreFoundation.framework; sourceTree = SDKROOT; };
		A9842BD71D0DA1A40062A35B /* CoreData.framework */ = {isa = PBXFileReference; lastKnownFileType = wrapper.framework; name = CoreData.framework; path = System/Library/Frameworks/CoreData.framework; sourceTree = SDKROOT; };
		A9842BD91D0DA1AC0062A35B /* CoreAudio.framework */ = {isa = PBXFileReference; lastKnownFileType = wrapper.framework; name = CoreAudio.framework; path = System/Library/Frameworks/CoreAudio.framework; sourceTree = SDKROOT; };
		A9842BDB1D0DA1E20062A35B /* LinphoneManager.swift */ = {isa = PBXFileReference; fileEncoding = 4; lastKnownFileType = sourcecode.swift; path = LinphoneManager.swift; sourceTree = "<group>"; };
		A9842BDD1D0DA2500062A35B /* Secret.plist */ = {isa = PBXFileReference; fileEncoding = 4; lastKnownFileType = text.plist.xml; name = Secret.plist; path = ../Secret.plist; sourceTree = "<group>"; };
		A9842BDF1D0DA42F0062A35B /* libz.tbd */ = {isa = PBXFileReference; lastKnownFileType = "sourcecode.text-based-dylib-definition"; name = libz.tbd; path = usr/lib/libz.tbd; sourceTree = SDKROOT; };
		A9842BE11D0DA4370062A35B /* libsqlite3.tbd */ = {isa = PBXFileReference; lastKnownFileType = "sourcecode.text-based-dylib-definition"; name = libsqlite3.tbd; path = usr/lib/libsqlite3.tbd; sourceTree = SDKROOT; };
		A9842BE31D0DA4400062A35B /* libresolv.tbd */ = {isa = PBXFileReference; lastKnownFileType = "sourcecode.text-based-dylib-definition"; name = libresolv.tbd; path = usr/lib/libresolv.tbd; sourceTree = SDKROOT; };
		A9842BE51D0DA4490062A35B /* libxml2.tbd */ = {isa = PBXFileReference; lastKnownFileType = "sourcecode.text-based-dylib-definition"; name = libxml2.tbd; path = usr/lib/libxml2.tbd; sourceTree = SDKROOT; };
		A9842BE71D0DA4520062A35B /* libstdc++.tbd */ = {isa = PBXFileReference; lastKnownFileType = "sourcecode.text-based-dylib-definition"; name = "libstdc++.tbd"; path = "usr/lib/libstdc++.tbd"; sourceTree = SDKROOT; };
		A9842BE91D0DA4640062A35B /* libc++abi.tbd */ = {isa = PBXFileReference; lastKnownFileType = "sourcecode.text-based-dylib-definition"; name = "libc++abi.tbd"; path = "usr/lib/libc++abi.tbd"; sourceTree = SDKROOT; };
		A9842BEB1D0DA48C0062A35B /* libstdc++.6.0.9.tbd */ = {isa = PBXFileReference; lastKnownFileType = "sourcecode.text-based-dylib-definition"; name = "libstdc++.6.0.9.tbd"; path = "usr/lib/libstdc++.6.0.9.tbd"; sourceTree = SDKROOT; };
		A9842BEC1D0DA48C0062A35B /* libstdc++.6.tbd */ = {isa = PBXFileReference; lastKnownFileType = "sourcecode.text-based-dylib-definition"; name = "libstdc++.6.tbd"; path = "usr/lib/libstdc++.6.tbd"; sourceTree = SDKROOT; };
		A9842BF01D0DA5340062A35B /* linphonerc */ = {isa = PBXFileReference; fileEncoding = 4; lastKnownFileType = text; name = linphonerc; path = "liblinphone-sdk/linphonerc"; sourceTree = "<group>"; };
		A9842BF11D0DA5340062A35B /* linphonerc-factory */ = {isa = PBXFileReference; fileEncoding = 4; lastKnownFileType = text; name = "linphonerc-factory"; path = "liblinphone-sdk/linphonerc-factory"; sourceTree = "<group>"; };
		A9842BF61D0EA1730062A35B /* OutgoingCallController.swift */ = {isa = PBXFileReference; fileEncoding = 4; lastKnownFileType = sourcecode.swift; path = OutgoingCallController.swift; sourceTree = "<group>"; };
		A9842BFC1D0FA45D0062A35B /* exception.m */ = {isa = PBXFileReference; fileEncoding = 4; lastKnownFileType = sourcecode.c.objc; path = exception.m; sourceTree = "<group>"; };
		A9842BFE1D0FA4860062A35B /* exception.h */ = {isa = PBXFileReference; lastKnownFileType = sourcecode.c.h; path = exception.h; sourceTree = "<group>"; };
		A9842C031D0FE7FE0062A35B /* SipClient.swift */ = {isa = PBXFileReference; fileEncoding = 4; lastKnownFileType = sourcecode.swift; path = SipClient.swift; sourceTree = "<group>"; };
		A9842C231D1183340062A35B /* UserData.swift */ = {isa = PBXFileReference; fileEncoding = 4; lastKnownFileType = sourcecode.swift; path = UserData.swift; sourceTree = "<group>"; };
		A98621691D15495E00BA767D /* ContactDbHelper.swift */ = {isa = PBXFileReference; fileEncoding = 4; lastKnownFileType = sourcecode.swift; path = ContactDbHelper.swift; sourceTree = "<group>"; };
		A9863C121D03BB1C003FE7B3 /* ProfileController.swift */ = {isa = PBXFileReference; fileEncoding = 4; lastKnownFileType = sourcecode.swift; path = ProfileController.swift; sourceTree = "<group>"; };
		A9863C141D03BD4D003FE7B3 /* ApplicationConstants.swift */ = {isa = PBXFileReference; fileEncoding = 4; lastKnownFileType = sourcecode.swift; name = ApplicationConstants.swift; path = Office365/ApplicationConstants.swift; sourceTree = "<group>"; };
		A9863C161D03BD6D003FE7B3 /* MircosoftGraphAuthentication.swift */ = {isa = PBXFileReference; fileEncoding = 4; lastKnownFileType = sourcecode.swift; name = MircosoftGraphAuthentication.swift; path = Office365/MircosoftGraphAuthentication.swift; sourceTree = "<group>"; };
		A9863C361D0579C0003FE7B3 /* LaunchScreen.storyboard */ = {isa = PBXFileReference; fileEncoding = 4; lastKnownFileType = file.storyboard; path = LaunchScreen.storyboard; sourceTree = "<group>"; };
		A99414A21D2500D900353DE5 /* libmbedx509.a */ = {isa = PBXFileReference; lastKnownFileType = archive.ar; name = libmbedx509.a; path = "liblinphone-sdk/apple-darwin/lib/libmbedx509.a"; sourceTree = "<group>"; };
		A99414A31D2500D900353DE5 /* libmbedtls.a */ = {isa = PBXFileReference; lastKnownFileType = archive.ar; name = libmbedtls.a; path = "liblinphone-sdk/apple-darwin/lib/libmbedtls.a"; sourceTree = "<group>"; };
		A99414A41D2500D900353DE5 /* libmbedcrypto.a */ = {isa = PBXFileReference; lastKnownFileType = archive.ar; name = libmbedcrypto.a; path = "liblinphone-sdk/apple-darwin/lib/libmbedcrypto.a"; sourceTree = "<group>"; };
		A99414A51D2500D900353DE5 /* libbv16.a */ = {isa = PBXFileReference; lastKnownFileType = archive.ar; name = libbv16.a; path = "liblinphone-sdk/apple-darwin/lib/libbv16.a"; sourceTree = "<group>"; };
		A99414A61D2500D900353DE5 /* libbelr.a */ = {isa = PBXFileReference; lastKnownFileType = archive.ar; name = libbelr.a; path = "liblinphone-sdk/apple-darwin/lib/libbelr.a"; sourceTree = "<group>"; };
		A99414A71D2500D900353DE5 /* libbelcard.a */ = {isa = PBXFileReference; lastKnownFileType = archive.ar; name = libbelcard.a; path = "liblinphone-sdk/apple-darwin/lib/libbelcard.a"; sourceTree = "<group>"; };
		A99414A81D2500D900353DE5 /* libbctoolbox-tester.a */ = {isa = PBXFileReference; lastKnownFileType = archive.ar; name = "libbctoolbox-tester.a"; path = "liblinphone-sdk/apple-darwin/lib/libbctoolbox-tester.a"; sourceTree = "<group>"; };
		A99414B61D25013F00353DE5 /* VideoToolbox.framework */ = {isa = PBXFileReference; lastKnownFileType = wrapper.framework; name = VideoToolbox.framework; path = System/Library/Frameworks/VideoToolbox.framework; sourceTree = SDKROOT; };
		A99414B81D25015700353DE5 /* libiconv.tbd */ = {isa = PBXFileReference; lastKnownFileType = "sourcecode.text-based-dylib-definition"; name = libiconv.tbd; path = usr/lib/libiconv.tbd; sourceTree = SDKROOT; };
		A99663211D0591D4003B5EEE /* TabController.swift */ = {isa = PBXFileReference; fileEncoding = 4; lastKnownFileType = sourcecode.swift; path = TabController.swift; sourceTree = "<group>"; };
		A99663241D05A105003B5EEE /* CompanyController.swift */ = {isa = PBXFileReference; fileEncoding = 4; lastKnownFileType = sourcecode.swift; path = CompanyController.swift; sourceTree = "<group>"; };
		A99663281D05A81B003B5EEE /* ContactCell.swift */ = {isa = PBXFileReference; fileEncoding = 4; lastKnownFileType = sourcecode.swift; path = ContactCell.swift; sourceTree = "<group>"; };
		A9AAE4881D0273C20034B564 /* GoodWox.app */ = {isa = PBXFileReference; explicitFileType = wrapper.application; includeInIndex = 0; path = GoodWox.app; sourceTree = BUILT_PRODUCTS_DIR; };
		A9AAE48B1D0273C20034B564 /* AppDelegate.swift */ = {isa = PBXFileReference; lastKnownFileType = sourcecode.swift; path = AppDelegate.swift; sourceTree = "<group>"; };
		A9AAE48D1D0273C20034B564 /* LoginController.swift */ = {isa = PBXFileReference; lastKnownFileType = sourcecode.swift; path = LoginController.swift; sourceTree = "<group>"; };
		A9AAE4901D0273C20034B564 /* Base */ = {isa = PBXFileReference; lastKnownFileType = file.storyboard; name = Base; path = Base.lproj/Main.storyboard; sourceTree = "<group>"; };
		A9AAE4921D0273C20034B564 /* Assets.xcassets */ = {isa = PBXFileReference; lastKnownFileType = folder.assetcatalog; path = Assets.xcassets; sourceTree = "<group>"; };
		A9AAE4971D0273C20034B564 /* Info.plist */ = {isa = PBXFileReference; lastKnownFileType = text.plist.xml; path = Info.plist; sourceTree = "<group>"; };
		A9AAE4B11D02D1A20034B564 /* GoodWox-Bridging-Header.h */ = {isa = PBXFileReference; lastKnownFileType = sourcecode.c.h; name = "GoodWox-Bridging-Header.h"; path = "GoodWox/GoodWox-Bridging-Header.h"; sourceTree = "<group>"; };
		A9B72B1C1D221BC200FDA9EE /* Appfile */ = {isa = PBXFileReference; fileEncoding = 4; lastKnownFileType = text; path = Appfile; sourceTree = "<group>"; };
		A9B72B1D1D221BC200FDA9EE /* Deliverfile */ = {isa = PBXFileReference; fileEncoding = 4; lastKnownFileType = text; path = Deliverfile; sourceTree = "<group>"; };
		A9B72B1E1D221BC200FDA9EE /* Fastfile */ = {isa = PBXFileReference; fileEncoding = 4; lastKnownFileType = text; path = Fastfile; sourceTree = "<group>"; };
		A9B72B201D221BC200FDA9EE /* copyright.txt */ = {isa = PBXFileReference; fileEncoding = 4; lastKnownFileType = text; path = copyright.txt; sourceTree = "<group>"; };
		A9B72B211D221BC200FDA9EE /* primary_category.txt */ = {isa = PBXFileReference; fileEncoding = 4; lastKnownFileType = text; path = primary_category.txt; sourceTree = "<group>"; };
		A9B72B221D221BC200FDA9EE /* primary_first_sub_category.txt */ = {isa = PBXFileReference; fileEncoding = 4; lastKnownFileType = text; path = primary_first_sub_category.txt; sourceTree = "<group>"; };
		A9B72B231D221BC200FDA9EE /* primary_second_sub_category.txt */ = {isa = PBXFileReference; fileEncoding = 4; lastKnownFileType = text; path = primary_second_sub_category.txt; sourceTree = "<group>"; };
		A9B72B241D221BC200FDA9EE /* secondary_category.txt */ = {isa = PBXFileReference; fileEncoding = 4; lastKnownFileType = text; path = secondary_category.txt; sourceTree = "<group>"; };
		A9B72B251D221BC200FDA9EE /* secondary_first_sub_category.txt */ = {isa = PBXFileReference; fileEncoding = 4; lastKnownFileType = text; path = secondary_first_sub_category.txt; sourceTree = "<group>"; };
		A9B72B261D221BC200FDA9EE /* secondary_second_sub_category.txt */ = {isa = PBXFileReference; fileEncoding = 4; lastKnownFileType = text; path = secondary_second_sub_category.txt; sourceTree = "<group>"; };
		A9B72B281D221BC200FDA9EE /* description.txt */ = {isa = PBXFileReference; fileEncoding = 4; lastKnownFileType = text; path = description.txt; sourceTree = "<group>"; };
		A9B72B291D221BC200FDA9EE /* keywords.txt */ = {isa = PBXFileReference; fileEncoding = 4; lastKnownFileType = text; path = keywords.txt; sourceTree = "<group>"; };
		A9B72B2A1D221BC200FDA9EE /* marketing_url.txt */ = {isa = PBXFileReference; fileEncoding = 4; lastKnownFileType = text; path = marketing_url.txt; sourceTree = "<group>"; };
		A9B72B2B1D221BC200FDA9EE /* name.txt */ = {isa = PBXFileReference; fileEncoding = 4; lastKnownFileType = text; path = name.txt; sourceTree = "<group>"; };
		A9B72B2C1D221BC200FDA9EE /* privacy_url.txt */ = {isa = PBXFileReference; fileEncoding = 4; lastKnownFileType = text; path = privacy_url.txt; sourceTree = "<group>"; };
		A9B72B2D1D221BC200FDA9EE /* release_notes.txt */ = {isa = PBXFileReference; fileEncoding = 4; lastKnownFileType = text; path = release_notes.txt; sourceTree = "<group>"; };
		A9B72B2E1D221BC200FDA9EE /* support_url.txt */ = {isa = PBXFileReference; fileEncoding = 4; lastKnownFileType = text; path = support_url.txt; sourceTree = "<group>"; };
		A9B72B2F1D221BC200FDA9EE /* README.md */ = {isa = PBXFileReference; fileEncoding = 4; lastKnownFileType = net.daringfireball.markdown; path = README.md; sourceTree = "<group>"; };
		A9B72B301D221BC200FDA9EE /* report.xml */ = {isa = PBXFileReference; fileEncoding = 4; lastKnownFileType = text.xml; path = report.xml; sourceTree = "<group>"; };
		A9B72B321D221BC200FDA9EE /* README.txt */ = {isa = PBXFileReference; fileEncoding = 4; lastKnownFileType = text; path = README.txt; sourceTree = "<group>"; };
		A9B72B491D22961A00FDA9EE /* RecordController.swift */ = {isa = PBXFileReference; fileEncoding = 4; lastKnownFileType = sourcecode.swift; path = RecordController.swift; sourceTree = "<group>"; };
		A9C249031D12A00F00430C92 /* PhoneController.swift */ = {isa = PBXFileReference; fileEncoding = 4; lastKnownFileType = sourcecode.swift; path = PhoneController.swift; sourceTree = "<group>"; };
		A9C249271D13EB2D00430C92 /* InitController.swift */ = {isa = PBXFileReference; fileEncoding = 4; lastKnownFileType = sourcecode.swift; path = InitController.swift; sourceTree = "<group>"; };
		A9CD72BB1D1A4CF200F3C44D /* BearerHeaderNetworkFetcher.swift */ = {isa = PBXFileReference; fileEncoding = 4; lastKnownFileType = sourcecode.swift; path = BearerHeaderNetworkFetcher.swift; sourceTree = "<group>"; };
		A9D4698D1D1EB707007C5B2B /* GoodWox.xcdatamodel */ = {isa = PBXFileReference; lastKnownFileType = wrapper.xcdatamodel; path = GoodWox.xcdatamodel; sourceTree = "<group>"; };
		A9D469931D1EB7C7007C5B2B /* Contact+CoreDataProperties.swift */ = {isa = PBXFileReference; fileEncoding = 4; lastKnownFileType = sourcecode.swift; name = "Contact+CoreDataProperties.swift"; path = "../Pods/Contact+CoreDataProperties.swift"; sourceTree = "<group>"; };
		A9D469941D1EB7C7007C5B2B /* Contact.swift */ = {isa = PBXFileReference; fileEncoding = 4; lastKnownFileType = sourcecode.swift; name = Contact.swift; path = ../Pods/Contact.swift; sourceTree = "<group>"; };
		A9D469971D1EC9DA007C5B2B /* UIColor.swift */ = {isa = PBXFileReference; fileEncoding = 4; lastKnownFileType = sourcecode.swift; path = UIColor.swift; sourceTree = "<group>"; };
		A9D469991D1ECE49007C5B2B /* FavoriteController.swift */ = {isa = PBXFileReference; fileEncoding = 4; lastKnownFileType = sourcecode.swift; path = FavoriteController.swift; sourceTree = "<group>"; };
		A9F9CA491D265A59005B8874 /* CallLogCell.xib */ = {isa = PBXFileReference; fileEncoding = 4; lastKnownFileType = file.xib; path = CallLogCell.xib; sourceTree = "<group>"; };
		A9F9CA4D1D268181005B8874 /* Util.swift */ = {isa = PBXFileReference; fileEncoding = 4; lastKnownFileType = sourcecode.swift; path = Util.swift; sourceTree = "<group>"; };
		A9F9CA4F1D276613005B8874 /* AddContactController.swift */ = {isa = PBXFileReference; fileEncoding = 4; lastKnownFileType = sourcecode.swift; path = AddContactController.swift; sourceTree = "<group>"; };
		B4CA356329D5254247DB2990 /* Pods_GoodWox.framework */ = {isa = PBXFileReference; explicitFileType = wrapper.framework; includeInIndex = 0; path = Pods_GoodWox.framework; sourceTree = BUILT_PRODUCTS_DIR; };
		F93D50A30AF320F2BB755C5A /* Pods-GoodWox.debug.xcconfig */ = {isa = PBXFileReference; includeInIndex = 1; lastKnownFileType = text.xcconfig; name = "Pods-GoodWox.debug.xcconfig"; path = "Pods/Target Support Files/Pods-GoodWox/Pods-GoodWox.debug.xcconfig"; sourceTree = "<group>"; };
/* End PBXFileReference section */

/* Begin PBXFrameworksBuildPhase section */
		A9AAE4851D0273C20034B564 /* Frameworks */ = {
			isa = PBXFrameworksBuildPhase;
			buildActionMask = 2147483647;
			files = (
				A99414B91D25015700353DE5 /* libiconv.tbd in Frameworks */,
				A99414B71D25013F00353DE5 /* VideoToolbox.framework in Frameworks */,
				A99414B01D2500E700353DE5 /* libmsx264.a in Frameworks */,
				A99414B11D2500E700353DE5 /* libmswebrtc.a in Frameworks */,
				A99414B21D2500E700353DE5 /* libmssilk.a in Frameworks */,
				A99414B31D2500E700353DE5 /* libmsopenh264.a in Frameworks */,
				A99414B41D2500E700353DE5 /* libmsbcg729.a in Frameworks */,
				A99414B51D2500E700353DE5 /* libmsamr.a in Frameworks */,
				A99414A91D2500D900353DE5 /* libmbedx509.a in Frameworks */,
				A99414AA1D2500D900353DE5 /* libmbedtls.a in Frameworks */,
				A99414AB1D2500D900353DE5 /* libmbedcrypto.a in Frameworks */,
				A99414AC1D2500D900353DE5 /* libbv16.a in Frameworks */,
				A99414AD1D2500D900353DE5 /* libbelr.a in Frameworks */,
				A99414AE1D2500D900353DE5 /* libbelcard.a in Frameworks */,
				A99414AF1D2500D900353DE5 /* libbctoolbox-tester.a in Frameworks */,
				A99414831D2500D900353DE5 /* libx264.a in Frameworks */,
				A99414841D2500D900353DE5 /* libvpx.a in Frameworks */,
				A99414851D2500D900353DE5 /* libvo-amrwbenc.a in Frameworks */,
				A99414861D2500D900353DE5 /* libtunnel.a in Frameworks */,
				A99414871D2500D900353DE5 /* libswscale.a in Frameworks */,
				A99414881D2500D900353DE5 /* libswresample.a in Frameworks */,
				A99414891D2500D900353DE5 /* libsrtp.a in Frameworks */,
				A994148A1D2500D900353DE5 /* libspeexdsp.a in Frameworks */,
				A994148B1D2500D900353DE5 /* libspeex.a in Frameworks */,
				A994148C1D2500D900353DE5 /* libpolarssl.a in Frameworks */,
				A994148D1D2500D900353DE5 /* libortp.a in Frameworks */,
				A994148E1D2500D900353DE5 /* libopus.a in Frameworks */,
				A994148F1D2500D900353DE5 /* libopenh264.a in Frameworks */,
				A99414901D2500D900353DE5 /* libopencore-amrwb.a in Frameworks */,
				A99414911D2500D900353DE5 /* libopencore-amrnb.a in Frameworks */,
				A99414921D2500D900353DE5 /* libmediastreamer_voip.a in Frameworks */,
				A99414931D2500D900353DE5 /* libmediastreamer_base.a in Frameworks */,
				A99414941D2500D900353DE5 /* libmatroska2.a in Frameworks */,
				A99414951D2500D900353DE5 /* liblinphonetester.a in Frameworks */,
				A99414961D2500D900353DE5 /* liblinphone.a in Frameworks */,
				A99414971D2500D900353DE5 /* libgsm.a in Frameworks */,
				A99414981D2500D900353DE5 /* libebml2.a in Frameworks */,
				A99414991D2500D900353DE5 /* libcunit.a in Frameworks */,
				A994149A1D2500D900353DE5 /* libcorec.a in Frameworks */,
				A994149B1D2500D900353DE5 /* libbzrtp.a in Frameworks */,
				A994149C1D2500D900353DE5 /* libbellesip.a in Frameworks */,
				A994149D1D2500D900353DE5 /* libbctoolbox.a in Frameworks */,
				A994149E1D2500D900353DE5 /* libbcg729.a in Frameworks */,
				A994149F1D2500D900353DE5 /* libavutil.a in Frameworks */,
				A99414A01D2500D900353DE5 /* libavcodec.a in Frameworks */,
				A99414A11D2500D900353DE5 /* libantlr3c.a in Frameworks */,
				A9842BED1D0DA48C0062A35B /* libstdc++.6.0.9.tbd in Frameworks */,
				A9842BEE1D0DA48C0062A35B /* libstdc++.6.tbd in Frameworks */,
				A9842BEA1D0DA4640062A35B /* libc++abi.tbd in Frameworks */,
				A9842BE81D0DA4520062A35B /* libstdc++.tbd in Frameworks */,
				A9842BE61D0DA4490062A35B /* libxml2.tbd in Frameworks */,
				A9842BE41D0DA4400062A35B /* libresolv.tbd in Frameworks */,
				A9842BE21D0DA4370062A35B /* libsqlite3.tbd in Frameworks */,
				A9842BE01D0DA42F0062A35B /* libz.tbd in Frameworks */,
				A96B653B1D16F81600BF2436 /* CoreMedia.framework in Frameworks */,
				A9842BDA1D0DA1AC0062A35B /* CoreAudio.framework in Frameworks */,
				A9842BD81D0DA1A40062A35B /* CoreData.framework in Frameworks */,
				A9842BD61D0DA19D0062A35B /* CoreFoundation.framework in Frameworks */,
				A9842BD41D0DA1940062A35B /* AudioToolbox.framework in Frameworks */,
				A9842BD21D0DA18D0062A35B /* AVFoundation.framework in Frameworks */,
				62D958190217ECD6C13112EB /* Pods_GoodWox.framework in Frameworks */,
			);
			runOnlyForDeploymentPostprocessing = 0;
		};
/* End PBXFrameworksBuildPhase section */

/* Begin PBXGroup section */
		19B95BF27E40B9AD490BDCB3 /* Frameworks */ = {
			isa = PBXGroup;
			children = (
				A99414B81D25015700353DE5 /* libiconv.tbd */,
				A99414B61D25013F00353DE5 /* VideoToolbox.framework */,
				A99414A21D2500D900353DE5 /* libmbedx509.a */,
				A99414A31D2500D900353DE5 /* libmbedtls.a */,
				A99414A41D2500D900353DE5 /* libmbedcrypto.a */,
				A99414A51D2500D900353DE5 /* libbv16.a */,
				A99414A61D2500D900353DE5 /* libbelr.a */,
				A99414A71D2500D900353DE5 /* libbelcard.a */,
				A99414A81D2500D900353DE5 /* libbctoolbox-tester.a */,
				A96B653A1D16F81600BF2436 /* CoreMedia.framework */,
				A9842BEB1D0DA48C0062A35B /* libstdc++.6.0.9.tbd */,
				A9842BEC1D0DA48C0062A35B /* libstdc++.6.tbd */,
				A9842BE91D0DA4640062A35B /* libc++abi.tbd */,
				A9842BE71D0DA4520062A35B /* libstdc++.tbd */,
				A9842BE51D0DA4490062A35B /* libxml2.tbd */,
				A9842BE31D0DA4400062A35B /* libresolv.tbd */,
				A9842BE11D0DA4370062A35B /* libsqlite3.tbd */,
				A9842BDF1D0DA42F0062A35B /* libz.tbd */,
				A9842BD91D0DA1AC0062A35B /* CoreAudio.framework */,
				A9842BD71D0DA1A40062A35B /* CoreData.framework */,
				A9842BD51D0DA19D0062A35B /* CoreFoundation.framework */,
				A9842BD31D0DA1940062A35B /* AudioToolbox.framework */,
				A9842BD11D0DA18D0062A35B /* AVFoundation.framework */,
				A9842B851D0DA0D00062A35B /* libantlr3c.a */,
				A9842B861D0DA0D00062A35B /* libavcodec.a */,
				A9842B871D0DA0D00062A35B /* libavutil.a */,
				A9842B881D0DA0D00062A35B /* libbcg729.a */,
				A9842B891D0DA0D00062A35B /* libbctoolbox.a */,
				A9842B8A1D0DA0D00062A35B /* libbellesip.a */,
				A9842B8B1D0DA0D00062A35B /* libbzrtp.a */,
				A9842B8C1D0DA0D00062A35B /* libcorec.a */,
				A9842B8D1D0DA0D00062A35B /* libcunit.a */,
				A9842B8E1D0DA0D00062A35B /* libebml2.a */,
				A9842B8F1D0DA0D00062A35B /* libgsm.a */,
				A9842B901D0DA0D00062A35B /* liblinphone.a */,
				A9842B911D0DA0D00062A35B /* liblinphonetester.a */,
				A9842B921D0DA0D00062A35B /* libmatroska2.a */,
				A9842B931D0DA0D00062A35B /* libmediastreamer_base.a */,
				A9842B941D0DA0D00062A35B /* libmediastreamer_voip.a */,
				A9842B951D0DA0D00062A35B /* libopencore-amrnb.a */,
				A9842B961D0DA0D00062A35B /* libopencore-amrwb.a */,
				A9842B971D0DA0D00062A35B /* libopenh264.a */,
				A9842B981D0DA0D00062A35B /* libopus.a */,
				A9842B991D0DA0D00062A35B /* libortp.a */,
				A9842B9A1D0DA0D00062A35B /* libpolarssl.a */,
				A9842B9B1D0DA0D00062A35B /* libspeex.a */,
				A9842B9C1D0DA0D00062A35B /* libspeexdsp.a */,
				A9842B9D1D0DA0D00062A35B /* libsrtp.a */,
				A9842B9E1D0DA0D00062A35B /* libswresample.a */,
				A9842B9F1D0DA0D00062A35B /* libswscale.a */,
				A9842BA01D0DA0D00062A35B /* libtunnel.a */,
				A9842BA11D0DA0D00062A35B /* libvo-amrwbenc.a */,
				A9842BA21D0DA0D00062A35B /* libvpx.a */,
				A9842BA31D0DA0D00062A35B /* libx264.a */,
				A9842BA41D0DA0D00062A35B /* mediastreamer */,
				B4CA356329D5254247DB2990 /* Pods_GoodWox.framework */,
			);
			name = Frameworks;
			sourceTree = "<group>";
		};
		203FA76BE0E7B1BF27840E22 /* Pods */ = {
			isa = PBXGroup;
			children = (
				F93D50A30AF320F2BB755C5A /* Pods-GoodWox.debug.xcconfig */,
				111C376739DFF46C34F969C9 /* Pods-GoodWox.release.xcconfig */,
			);
			name = Pods;
			sourceTree = "<group>";
		};
		A96B651D1D16E1B700BF2436 /* sound */ = {
			isa = PBXGroup;
			children = (
				A96B652A1D16E1E000BF2436 /* four_hands_together.mkv */,
				A96B652B1D16E1E000BF2436 /* house_keeping.mkv */,
				A96B652C1D16E1E000BF2436 /* its_a_game.mkv */,
				A96B652D1D16E1E000BF2436 /* leaving_dreams.mkv */,
				A96B652E1D16E1E000BF2436 /* notes_of_the_optimistic.mkv */,
				A96B652F1D16E1E000BF2436 /* oldphone-mono-30s.caf */,
				A96B65301D16E1E000BF2436 /* oldphone-mono.wav */,
				A96B65311D16E1E000BF2436 /* soft_as_snow.mkv */,
				A96B651E1D16E1CE00BF2436 /* dont_wait_too_long.mkv */,
				A96B651F1D16E1CE00BF2436 /* hello8000.wav */,
				A96B65201D16E1CE00BF2436 /* hello16000.wav */,
				A96B65211D16E1CE00BF2436 /* incoming_chat.wav */,
				A96B65221D16E1CE00BF2436 /* ringback.wav */,
				A96B65231D16E1CE00BF2436 /* toy-mono.wav */,
			);
			name = sound;
			sourceTree = "<group>";
		};
		A9842B5E1D0DA0510062A35B /* Linphone */ = {
			isa = PBXGroup;
			children = (
				A96B651D1D16E1B700BF2436 /* sound */,
				A9842BEF1D0DA4DB0062A35B /* config */,
			);
			name = Linphone;
			sourceTree = "<group>";
		};
		A9842BA41D0DA0D00062A35B /* mediastreamer */ = {
			isa = PBXGroup;
			children = (
				A9842BA51D0DA0D00062A35B /* plugins */,
			);
			name = mediastreamer;
			path = "liblinphone-sdk/apple-darwin/lib/mediastreamer";
			sourceTree = "<group>";
		};
		A9842BA51D0DA0D00062A35B /* plugins */ = {
			isa = PBXGroup;
			children = (
				A9842BA61D0DA0D00062A35B /* libmsamr.a */,
				A9842BA71D0DA0D00062A35B /* libmsbcg729.a */,
				A9842BA81D0DA0D00062A35B /* libmsopenh264.a */,
				A9842BA91D0DA0D00062A35B /* libmssilk.a */,
				A9842BAA1D0DA0D00062A35B /* libmswebrtc.a */,
				A9842BAB1D0DA0D00062A35B /* libmsx264.a */,
			);
			path = plugins;
			sourceTree = "<group>";
		};
		A9842BEF1D0DA4DB0062A35B /* config */ = {
			isa = PBXGroup;
			children = (
				A9842BF01D0DA5340062A35B /* linphonerc */,
				A9842BF11D0DA5340062A35B /* linphonerc-factory */,
			);
			name = config;
			sourceTree = "<group>";
		};
		A9842BFF1D0FA4FC0062A35B /* ObjectiveC */ = {
			isa = PBXGroup;
			children = (
				A9AAE4B11D02D1A20034B564 /* GoodWox-Bridging-Header.h */,
				A9842BFE1D0FA4860062A35B /* exception.h */,
				A9842BFC1D0FA45D0062A35B /* exception.m */,
			);
			name = ObjectiveC;
			path = ..;
			sourceTree = "<group>";
		};
		A9863C0F1D03B919003FE7B3 /* Resource */ = {
			isa = PBXGroup;
			children = (
				A9B72B1A1D214A7000FDA9EE /* Ringtone */,
				A9842BDD1D0DA2500062A35B /* Secret.plist */,
				A9AAE4971D0273C20034B564 /* Info.plist */,
				A9AAE4921D0273C20034B564 /* Assets.xcassets */,
			);
			name = Resource;
			sourceTree = "<group>";
		};
		A9863C101D03B92A003FE7B3 /* Controller */ = {
			isa = PBXGroup;
			children = (
				A9F9CA4F1D276613005B8874 /* AddContactController.swift */,
				A9842C031D0FE7FE0062A35B /* SipClient.swift */,
				A9AAE48B1D0273C20034B564 /* AppDelegate.swift */,
				A9C249271D13EB2D00430C92 /* InitController.swift */,
				A9842BDB1D0DA1E20062A35B /* LinphoneManager.swift */,
				A9AAE48D1D0273C20034B564 /* LoginController.swift */,
				A9C249031D12A00F00430C92 /* PhoneController.swift */,
				A99663241D05A105003B5EEE /* CompanyController.swift */,
				A9863C121D03BB1C003FE7B3 /* ProfileController.swift */,
				A99663211D0591D4003B5EEE /* TabController.swift */,
				A9842BF61D0EA1730062A35B /* OutgoingCallController.swift */,
				A96B651B1D16D54B00BF2436 /* ReceiveCallController.swift */,
				A96B653C1D1791AF00BF2436 /* ViewControllerHelper.swift */,
				A9CD72BB1D1A4CF200F3C44D /* BearerHeaderNetworkFetcher.swift */,
				A934E1A91D1AA6E500427A2D /* LinphoneUtil.swift */,
				A9D469991D1ECE49007C5B2B /* FavoriteController.swift */,
				A9B72B491D22961A00FDA9EE /* RecordController.swift */,
				A9863C161D03BD6D003FE7B3 /* MircosoftGraphAuthentication.swift */,
				A9F9CA4D1D268181005B8874 /* Util.swift */,
			);
			name = Controller;
			sourceTree = "<group>";
		};
		A9863C111D03B938003FE7B3 /* View */ = {
			isa = PBXGroup;
			children = (
				A96B65461D18D56100BF2436 /* ContactCell.xib */,
				A9F9CA491D265A59005B8874 /* CallLogCell.xib */,
				A9863C361D0579C0003FE7B3 /* LaunchScreen.storyboard */,
				A9AAE48F1D0273C20034B564 /* Main.storyboard */,
			);
			name = View;
			sourceTree = "<group>";
		};
		A99663231D05A0B0003B5EEE /* Model */ = {
			isa = PBXGroup;
			children = (
				A9D4698C1D1EB707007C5B2B /* GoodWox.xcdatamodeld */,
				A9D469931D1EB7C7007C5B2B /* Contact+CoreDataProperties.swift */,
				A9D469941D1EB7C7007C5B2B /* Contact.swift */,
				A98621691D15495E00BA767D /* ContactDbHelper.swift */,
				A99663281D05A81B003B5EEE /* ContactCell.swift */,
				A9842C231D1183340062A35B /* UserData.swift */,
				A934E1A71D1A826400427A2D /* ApplicaitonStatus.swift */,
				A9D469971D1EC9DA007C5B2B /* UIColor.swift */,
				A909B8BF1D241A7400166EFF /* CallLog.swift */,
				A909B8C11D241B8400166EFF /* CallLogDbHelper.swift */,
			);
			name = Model;
			sourceTree = "<group>";
		};
		A9AAE47F1D0273C20034B564 = {
			isa = PBXGroup;
			children = (
				A9B72B1B1D221BC200FDA9EE /* fastlane */,
				A9842B5E1D0DA0510062A35B /* Linphone */,
				A9AAE48A1D0273C20034B564 /* GoodWox */,
				A9AAE4891D0273C20034B564 /* Products */,
				203FA76BE0E7B1BF27840E22 /* Pods */,
				19B95BF27E40B9AD490BDCB3 /* Frameworks */,
			);
			sourceTree = "<group>";
		};
		A9AAE4891D0273C20034B564 /* Products */ = {
			isa = PBXGroup;
			children = (
				A9AAE4881D0273C20034B564 /* GoodWox.app */,
			);
			name = Products;
			sourceTree = "<group>";
		};
		A9AAE48A1D0273C20034B564 /* GoodWox */ = {
			isa = PBXGroup;
			children = (
				A9863C141D03BD4D003FE7B3 /* ApplicationConstants.swift */,
				A9863C111D03B938003FE7B3 /* View */,
				A99663231D05A0B0003B5EEE /* Model */,
				A9863C101D03B92A003FE7B3 /* Controller */,
				A9863C0F1D03B919003FE7B3 /* Resource */,
				A9842BFF1D0FA4FC0062A35B /* ObjectiveC */,
			);
			path = GoodWox;
			sourceTree = "<group>";
		};
		A9B72B1A1D214A7000FDA9EE /* Ringtone */ = {
			isa = PBXGroup;
			children = (
			);
			name = Ringtone;
			sourceTree = "<group>";
		};
		A9B72B1B1D221BC200FDA9EE /* fastlane */ = {
			isa = PBXGroup;
			children = (
				A9B72B1C1D221BC200FDA9EE /* Appfile */,
				A9B72B1D1D221BC200FDA9EE /* Deliverfile */,
				A9B72B1E1D221BC200FDA9EE /* Fastfile */,
				A9B72B1F1D221BC200FDA9EE /* metadata */,
				A9B72B2F1D221BC200FDA9EE /* README.md */,
				A9B72B301D221BC200FDA9EE /* report.xml */,
				A9B72B311D221BC200FDA9EE /* screenshots */,
			);
			path = fastlane;
			sourceTree = "<group>";
		};
		A9B72B1F1D221BC200FDA9EE /* metadata */ = {
			isa = PBXGroup;
			children = (
				A9B72B201D221BC200FDA9EE /* copyright.txt */,
				A9B72B211D221BC200FDA9EE /* primary_category.txt */,
				A9B72B221D221BC200FDA9EE /* primary_first_sub_category.txt */,
				A9B72B231D221BC200FDA9EE /* primary_second_sub_category.txt */,
				A9B72B241D221BC200FDA9EE /* secondary_category.txt */,
				A9B72B251D221BC200FDA9EE /* secondary_first_sub_category.txt */,
				A9B72B261D221BC200FDA9EE /* secondary_second_sub_category.txt */,
				A9B72B271D221BC200FDA9EE /* zh-Hant */,
			);
			path = metadata;
			sourceTree = "<group>";
		};
		A9B72B271D221BC200FDA9EE /* zh-Hant */ = {
			isa = PBXGroup;
			children = (
				A9B72B281D221BC200FDA9EE /* description.txt */,
				A9B72B291D221BC200FDA9EE /* keywords.txt */,
				A9B72B2A1D221BC200FDA9EE /* marketing_url.txt */,
				A9B72B2B1D221BC200FDA9EE /* name.txt */,
				A9B72B2C1D221BC200FDA9EE /* privacy_url.txt */,
				A9B72B2D1D221BC200FDA9EE /* release_notes.txt */,
				A9B72B2E1D221BC200FDA9EE /* support_url.txt */,
			);
			path = "zh-Hant";
			sourceTree = "<group>";
		};
		A9B72B311D221BC200FDA9EE /* screenshots */ = {
			isa = PBXGroup;
			children = (
				A9B72B321D221BC200FDA9EE /* README.txt */,
			);
			path = screenshots;
			sourceTree = "<group>";
		};
/* End PBXGroup section */

/* Begin PBXNativeTarget section */
		A9AAE4871D0273C20034B564 /* GoodWox */ = {
			isa = PBXNativeTarget;
			buildConfigurationList = A9AAE49A1D0273C20034B564 /* Build configuration list for PBXNativeTarget "GoodWox" */;
			buildPhases = (
				EE93B588ECFB1AFF777EB341 /* [CP] Check Pods Manifest.lock */,
				A9AAE4841D0273C20034B564 /* Sources */,
				A9AAE4851D0273C20034B564 /* Frameworks */,
				A9AAE4861D0273C20034B564 /* Resources */,
				A2BC0C2BAAB3C42A0BDDFA09 /* [CP] Embed Pods Frameworks */,
				60598BB1E79DFCB2499586A3 /* [CP] Copy Pods Resources */,
			);
			buildRules = (
			);
			dependencies = (
			);
			name = GoodWox;
			productName = GoodWox;
			productReference = A9AAE4881D0273C20034B564 /* GoodWox.app */;
			productType = "com.apple.product-type.application";
		};
/* End PBXNativeTarget section */

/* Begin PBXProject section */
		A9AAE4801D0273C20034B564 /* Project object */ = {
			isa = PBXProject;
			attributes = {
				LastSwiftUpdateCheck = 0730;
				LastUpgradeCheck = 0730;
				ORGANIZATIONNAME = WiAdvance;
				TargetAttributes = {
					A9AAE4871D0273C20034B564 = {
						CreatedOnToolsVersion = 7.3.1;
						DevelopmentTeam = 82F9JAXFE4;
					};
				};
			};
			buildConfigurationList = A9AAE4831D0273C20034B564 /* Build configuration list for PBXProject "GoodWox" */;
			compatibilityVersion = "Xcode 3.2";
			developmentRegion = English;
			hasScannedForEncodings = 0;
			knownRegions = (
				en,
				Base,
			);
			mainGroup = A9AAE47F1D0273C20034B564;
			productRefGroup = A9AAE4891D0273C20034B564 /* Products */;
			projectDirPath = "";
			projectRoot = "";
			targets = (
				A9AAE4871D0273C20034B564 /* GoodWox */,
			);
		};
/* End PBXProject section */

/* Begin PBXResourcesBuildPhase section */
		A9AAE4861D0273C20034B564 /* Resources */ = {
			isa = PBXResourcesBuildPhase;
			buildActionMask = 2147483647;
			files = (
				A96B65261D16E1CE00BF2436 /* hello16000.wav in Resources */,
				A9B72B3F1D221BC200FDA9EE /* marketing_url.txt in Resources */,
				A9B72B3D1D221BC200FDA9EE /* description.txt in Resources */,
				A9B72B451D221BC200FDA9EE /* report.xml in Resources */,
				A96B65281D16E1CE00BF2436 /* ringback.wav in Resources */,
				A9B72B331D221BC200FDA9EE /* Appfile in Resources */,
				A96B65271D16E1CE00BF2436 /* incoming_chat.wav in Resources */,
				A9B72B431D221BC200FDA9EE /* support_url.txt in Resources */,
				A9842BF21D0DA5340062A35B /* linphonerc in Resources */,
				A96B65321D16E1E000BF2436 /* four_hands_together.mkv in Resources */,
				A9B72B391D221BC200FDA9EE /* primary_second_sub_category.txt in Resources */,
				A9B72B401D221BC200FDA9EE /* name.txt in Resources */,
				A9B72B351D221BC200FDA9EE /* Fastfile in Resources */,
				A9B72B3B1D221BC200FDA9EE /* secondary_first_sub_category.txt in Resources */,
				A9B72B461D221BC200FDA9EE /* README.txt in Resources */,
				A9842BDE1D0DA2500062A35B /* Secret.plist in Resources */,
				A9863C371D0579C0003FE7B3 /* LaunchScreen.storyboard in Resources */,
				A96B65391D16E1E000BF2436 /* soft_as_snow.mkv in Resources */,
				A96B65471D18D56100BF2436 /* ContactCell.xib in Resources */,
				A9B72B371D221BC200FDA9EE /* primary_category.txt in Resources */,
				A9B72B411D221BC200FDA9EE /* privacy_url.txt in Resources */,
				A9F9CA4A1D265A59005B8874 /* CallLogCell.xib in Resources */,
				A96B65291D16E1CE00BF2436 /* toy-mono.wav in Resources */,
				A9B72B3C1D221BC200FDA9EE /* secondary_second_sub_category.txt in Resources */,
				A9B72B3A1D221BC200FDA9EE /* secondary_category.txt in Resources */,
				A9842BF31D0DA5340062A35B /* linphonerc-factory in Resources */,
				A96B65371D16E1E000BF2436 /* oldphone-mono-30s.caf in Resources */,
				A9AAE4931D0273C20034B564 /* Assets.xcassets in Resources */,
				A9B72B361D221BC200FDA9EE /* copyright.txt in Resources */,
				A96B65251D16E1CE00BF2436 /* hello8000.wav in Resources */,
				A96B65331D16E1E000BF2436 /* house_keeping.mkv in Resources */,
				A9B72B421D221BC200FDA9EE /* release_notes.txt in Resources */,
				A9B72B381D221BC200FDA9EE /* primary_first_sub_category.txt in Resources */,
				A9AAE4911D0273C20034B564 /* Main.storyboard in Resources */,
				A96B65361D16E1E000BF2436 /* notes_of_the_optimistic.mkv in Resources */,
				A9B72B341D221BC200FDA9EE /* Deliverfile in Resources */,
				A96B65381D16E1E000BF2436 /* oldphone-mono.wav in Resources */,
				A96B65241D16E1CE00BF2436 /* dont_wait_too_long.mkv in Resources */,
				A96B65341D16E1E000BF2436 /* its_a_game.mkv in Resources */,
				A9B72B3E1D221BC200FDA9EE /* keywords.txt in Resources */,
				A96B65351D16E1E000BF2436 /* leaving_dreams.mkv in Resources */,
			);
			runOnlyForDeploymentPostprocessing = 0;
		};
/* End PBXResourcesBuildPhase section */

/* Begin PBXShellScriptBuildPhase section */
		60598BB1E79DFCB2499586A3 /* [CP] Copy Pods Resources */ = {
			isa = PBXShellScriptBuildPhase;
			buildActionMask = 2147483647;
			files = (
			);
			inputPaths = (
			);
			name = "[CP] Copy Pods Resources";
			outputPaths = (
			);
			runOnlyForDeploymentPostprocessing = 0;
			shellPath = /bin/sh;
			shellScript = "\"${SRCROOT}/Pods/Target Support Files/Pods-GoodWox/Pods-GoodWox-resources.sh\"\n";
			showEnvVarsInLog = 0;
		};
		A2BC0C2BAAB3C42A0BDDFA09 /* [CP] Embed Pods Frameworks */ = {
			isa = PBXShellScriptBuildPhase;
			buildActionMask = 2147483647;
			files = (
			);
			inputPaths = (
			);
			name = "[CP] Embed Pods Frameworks";
			outputPaths = (
			);
			runOnlyForDeploymentPostprocessing = 0;
			shellPath = /bin/sh;
			shellScript = "\"${SRCROOT}/Pods/Target Support Files/Pods-GoodWox/Pods-GoodWox-frameworks.sh\"\n";
			showEnvVarsInLog = 0;
		};
		EE93B588ECFB1AFF777EB341 /* [CP] Check Pods Manifest.lock */ = {
			isa = PBXShellScriptBuildPhase;
			buildActionMask = 2147483647;
			files = (
			);
			inputPaths = (
			);
			name = "[CP] Check Pods Manifest.lock";
			outputPaths = (
			);
			runOnlyForDeploymentPostprocessing = 0;
			shellPath = /bin/sh;
			shellScript = "diff \"${PODS_ROOT}/../Podfile.lock\" \"${PODS_ROOT}/Manifest.lock\" > /dev/null\nif [[ $? != 0 ]] ; then\n    cat << EOM\nerror: The sandbox is not in sync with the Podfile.lock. Run 'pod install' or update your CocoaPods installation.\nEOM\n    exit 1\nfi\n";
			showEnvVarsInLog = 0;
		};
/* End PBXShellScriptBuildPhase section */

/* Begin PBXSourcesBuildPhase section */
		A9AAE4841D0273C20034B564 /* Sources */ = {
			isa = PBXSourcesBuildPhase;
			buildActionMask = 2147483647;
			files = (
				A96B653D1D1791AF00BF2436 /* ViewControllerHelper.swift in Sources */,
				A9D4698E1D1EB707007C5B2B /* GoodWox.xcdatamodeld in Sources */,
				A9D469961D1EB7C7007C5B2B /* Contact.swift in Sources */,
				A96B651C1D16D54B00BF2436 /* ReceiveCallController.swift in Sources */,
				A9842BFD1D0FA45D0062A35B /* exception.m in Sources */,
				A99663291D05A81B003B5EEE /* ContactCell.swift in Sources */,
				A934E1A81D1A826400427A2D /* ApplicaitonStatus.swift in Sources */,
				A9AAE48E1D0273C20034B564 /* LoginController.swift in Sources */,
				A909B8C21D241B8400166EFF /* CallLogDbHelper.swift in Sources */,
				A9842C241D1183340062A35B /* UserData.swift in Sources */,
				A9B72B4A1D22961A00FDA9EE /* RecordController.swift in Sources */,
				A934E1AA1D1AA6E500427A2D /* LinphoneUtil.swift in Sources */,
				A9842BF71D0EA1730062A35B /* OutgoingCallController.swift in Sources */,
				A99663221D0591D4003B5EEE /* TabController.swift in Sources */,
				A9F9CA501D276613005B8874 /* AddContactController.swift in Sources */,
				A9D469951D1EB7C7007C5B2B /* Contact+CoreDataProperties.swift in Sources */,
				A9AAE48C1D0273C20034B564 /* AppDelegate.swift in Sources */,
				A986216A1D15495E00BA767D /* ContactDbHelper.swift in Sources */,
				A9B72B441D221BC200FDA9EE /* README.md in Sources */,
				A9CD72BC1D1A4CF200F3C44D /* BearerHeaderNetworkFetcher.swift in Sources */,
				A9842C041D0FE7FE0062A35B /* SipClient.swift in Sources */,
				A9D4699A1D1ECE49007C5B2B /* FavoriteController.swift in Sources */,
				A9863C151D03BD4D003FE7B3 /* ApplicationConstants.swift in Sources */,
				A9C249281D13EB2D00430C92 /* InitController.swift in Sources */,
				A9D469981D1EC9DB007C5B2B /* UIColor.swift in Sources */,
				A9863C171D03BD6D003FE7B3 /* MircosoftGraphAuthentication.swift in Sources */,
				A909B8C01D241A7400166EFF /* CallLog.swift in Sources */,
				A9842BDC1D0DA1E20062A35B /* LinphoneManager.swift in Sources */,
				A99663251D05A105003B5EEE /* CompanyController.swift in Sources */,
				A9F9CA4E1D268181005B8874 /* Util.swift in Sources */,
				A9C249041D12A00F00430C92 /* PhoneController.swift in Sources */,
				A9863C131D03BB1C003FE7B3 /* ProfileController.swift in Sources */,
			);
			runOnlyForDeploymentPostprocessing = 0;
		};
/* End PBXSourcesBuildPhase section */

/* Begin PBXVariantGroup section */
		A9AAE48F1D0273C20034B564 /* Main.storyboard */ = {
			isa = PBXVariantGroup;
			children = (
				A9AAE4901D0273C20034B564 /* Base */,
			);
			name = Main.storyboard;
			sourceTree = "<group>";
		};
/* End PBXVariantGroup section */

/* Begin XCBuildConfiguration section */
		A9AAE4981D0273C20034B564 /* Debug */ = {
			isa = XCBuildConfiguration;
			buildSettings = {
				ALWAYS_SEARCH_USER_PATHS = NO;
				CLANG_ANALYZER_NONNULL = YES;
				CLANG_CXX_LANGUAGE_STANDARD = "gnu++0x";
				CLANG_CXX_LIBRARY = "libc++";
				CLANG_ENABLE_MODULES = YES;
				CLANG_ENABLE_OBJC_ARC = YES;
				CLANG_WARN_BOOL_CONVERSION = YES;
				CLANG_WARN_CONSTANT_CONVERSION = YES;
				CLANG_WARN_DIRECT_OBJC_ISA_USAGE = YES_ERROR;
				CLANG_WARN_EMPTY_BODY = YES;
				CLANG_WARN_ENUM_CONVERSION = YES;
				CLANG_WARN_INT_CONVERSION = YES;
				CLANG_WARN_OBJC_ROOT_CLASS = YES_ERROR;
				CLANG_WARN_UNREACHABLE_CODE = YES;
				CLANG_WARN__DUPLICATE_METHOD_MATCH = YES;
				"CODE_SIGN_IDENTITY[sdk=iphoneos*]" = "iPhone Developer";
				COPY_PHASE_STRIP = NO;
				DEBUG_INFORMATION_FORMAT = dwarf;
				ENABLE_STRICT_OBJC_MSGSEND = YES;
				ENABLE_TESTABILITY = YES;
				GCC_C_LANGUAGE_STANDARD = gnu99;
				GCC_DYNAMIC_NO_PIC = NO;
				GCC_NO_COMMON_BLOCKS = YES;
				GCC_OPTIMIZATION_LEVEL = 0;
				GCC_PREPROCESSOR_DEFINITIONS = (
					"DEBUG=1",
					"$(inherited)",
				);
				GCC_WARN_64_TO_32_BIT_CONVERSION = YES;
				GCC_WARN_ABOUT_RETURN_TYPE = YES_ERROR;
				GCC_WARN_UNDECLARED_SELECTOR = YES;
				GCC_WARN_UNINITIALIZED_AUTOS = YES_AGGRESSIVE;
				GCC_WARN_UNUSED_FUNCTION = YES;
				GCC_WARN_UNUSED_VARIABLE = YES;
				IPHONEOS_DEPLOYMENT_TARGET = 9.3;
				MTL_ENABLE_DEBUG_INFO = YES;
				ONLY_ACTIVE_ARCH = YES;
				SDKROOT = iphoneos;
				SWIFT_OPTIMIZATION_LEVEL = "-Onone";
				TARGETED_DEVICE_FAMILY = "1,2";
			};
			name = Debug;
		};
		A9AAE4991D0273C20034B564 /* Release */ = {
			isa = XCBuildConfiguration;
			buildSettings = {
				ALWAYS_SEARCH_USER_PATHS = NO;
				CLANG_ANALYZER_NONNULL = YES;
				CLANG_CXX_LANGUAGE_STANDARD = "gnu++0x";
				CLANG_CXX_LIBRARY = "libc++";
				CLANG_ENABLE_MODULES = YES;
				CLANG_ENABLE_OBJC_ARC = YES;
				CLANG_WARN_BOOL_CONVERSION = YES;
				CLANG_WARN_CONSTANT_CONVERSION = YES;
				CLANG_WARN_DIRECT_OBJC_ISA_USAGE = YES_ERROR;
				CLANG_WARN_EMPTY_BODY = YES;
				CLANG_WARN_ENUM_CONVERSION = YES;
				CLANG_WARN_INT_CONVERSION = YES;
				CLANG_WARN_OBJC_ROOT_CLASS = YES_ERROR;
				CLANG_WARN_UNREACHABLE_CODE = YES;
				CLANG_WARN__DUPLICATE_METHOD_MATCH = YES;
				"CODE_SIGN_IDENTITY[sdk=iphoneos*]" = "iPhone Developer";
				COPY_PHASE_STRIP = NO;
				DEBUG_INFORMATION_FORMAT = "dwarf-with-dsym";
				ENABLE_NS_ASSERTIONS = NO;
				ENABLE_STRICT_OBJC_MSGSEND = YES;
				GCC_C_LANGUAGE_STANDARD = gnu99;
				GCC_NO_COMMON_BLOCKS = YES;
				GCC_WARN_64_TO_32_BIT_CONVERSION = YES;
				GCC_WARN_ABOUT_RETURN_TYPE = YES_ERROR;
				GCC_WARN_UNDECLARED_SELECTOR = YES;
				GCC_WARN_UNINITIALIZED_AUTOS = YES_AGGRESSIVE;
				GCC_WARN_UNUSED_FUNCTION = YES;
				GCC_WARN_UNUSED_VARIABLE = YES;
				IPHONEOS_DEPLOYMENT_TARGET = 9.3;
				MTL_ENABLE_DEBUG_INFO = NO;
				SDKROOT = iphoneos;
				TARGETED_DEVICE_FAMILY = "1,2";
				VALIDATE_PRODUCT = YES;
			};
			name = Release;
		};
		A9AAE49B1D0273C20034B564 /* Debug */ = {
			isa = XCBuildConfiguration;
			baseConfigurationReference = F93D50A30AF320F2BB755C5A /* Pods-GoodWox.debug.xcconfig */;
			buildSettings = {
				ALWAYS_SEARCH_USER_PATHS = YES;
				ASSETCATALOG_COMPILER_APPICON_NAME = AppIcon;
				CODE_SIGN_IDENTITY = "iPhone Developer";
				"CODE_SIGN_IDENTITY[sdk=iphoneos*]" = "iPhone Developer";
				CURRENT_PROJECT_VERSION = 1020;
				DYLIB_CURRENT_VERSION = 1020;
				ENABLE_BITCODE = YES;
				GCC_OPTIMIZATION_LEVEL = s;
				INFOPLIST_FILE = GoodWox/Info.plist;
				LD_RUNPATH_SEARCH_PATHS = "$(inherited) @executable_path/Frameworks";
				LIBRARY_SEARCH_PATHS = (
					"$(inherited)",
					"$(PROJECT_DIR)/liblinphone-sdk/apple-darwin/lib",
					"$(PROJECT_DIR)/liblinphone-sdk/apple-darwin/lib/mediastreamer/plugins",
				);
				OTHER_LDFLAGS = (
					"$(inherited)",
					"-framework",
					"\"Alamofire\"",
					"-framework",
					"\"MSGraphSDK\"",
					"-framework",
					"\"MSGraphSDK_NXOAuth2Adapter\"",
					"-framework",
					"\"NXOAuth2Client\"",
				);
				PRODUCT_BUNDLE_IDENTIFIER = com.wiadvance.GoodWoxComm;
				PRODUCT_NAME = "$(TARGET_NAME)";
				PROVISIONING_PROFILE = "";
				SWIFT_OBJC_BRIDGING_HEADER = "GoodWox/GoodWox-Bridging-Header.h";
				SWIFT_OBJC_INTERFACE_HEADER_NAME = "$(SWIFT_MODULE_NAME)-Swift.h";
				USER_HEADER_SEARCH_PATHS = "$(SRCROOT)/liblinphone-sdk/apple-darwin/include $(SRCROOT)/Pods/MSGraphSDK/** $(SRCROOT)/Pods/NXOAuth2Client/** $(SRCROOT)/Pods/MSGraphSDK-NXOAuth2Adapter/**";
			};
			name = Debug;
		};
		A9AAE49C1D0273C20034B564 /* Release */ = {
			isa = XCBuildConfiguration;
			baseConfigurationReference = 111C376739DFF46C34F969C9 /* Pods-GoodWox.release.xcconfig */;
			buildSettings = {
				ALWAYS_SEARCH_USER_PATHS = YES;
				ASSETCATALOG_COMPILER_APPICON_NAME = AppIcon;
				CODE_SIGN_IDENTITY = "iPhone Developer";
				"CODE_SIGN_IDENTITY[sdk=iphoneos*]" = "iPhone Developer";
				CURRENT_PROJECT_VERSION = 1020;
				ENABLE_BITCODE = YES;
				INFOPLIST_FILE = GoodWox/Info.plist;
				LD_RUNPATH_SEARCH_PATHS = "$(inherited) @executable_path/Frameworks";
				LIBRARY_SEARCH_PATHS = (
					"$(inherited)",
					"$(PROJECT_DIR)/liblinphone-sdk/apple-darwin/lib",
					"$(PROJECT_DIR)/liblinphone-sdk/apple-darwin/lib/mediastreamer/plugins",
				);
				OTHER_LDFLAGS = (
					"$(inherited)",
					"-framework",
					"\"Alamofire\"",
					"-framework",
					"\"MSGraphSDK\"",
					"-framework",
					"\"MSGraphSDK_NXOAuth2Adapter\"",
					"-framework",
					"\"NXOAuth2Client\"",
				);
				PRODUCT_BUNDLE_IDENTIFIER = com.wiadvance.GoodWoxComm;
				PRODUCT_NAME = "$(TARGET_NAME)";
				PROVISIONING_PROFILE = "";
				SWIFT_OBJC_BRIDGING_HEADER = "GoodWox/GoodWox-Bridging-Header.h";
				SWIFT_OBJC_INTERFACE_HEADER_NAME = "$(SWIFT_MODULE_NAME)-Swift.h";
				SWIFT_OPTIMIZATION_LEVEL = "-Onone";
				USER_HEADER_SEARCH_PATHS = "$(SRCROOT)/liblinphone-sdk/apple-darwin/include $(SRCROOT)/Pods/MSGraphSDK/** $(SRCROOT)/Pods/NXOAuth2Client/** $(SRCROOT)/Pods/MSGraphSDK-NXOAuth2Adapter/**";
			};
			name = Release;
		};
/* End XCBuildConfiguration section */

/* Begin XCConfigurationList section */
		A9AAE4831D0273C20034B564 /* Build configuration list for PBXProject "GoodWox" */ = {
			isa = XCConfigurationList;
			buildConfigurations = (
				A9AAE4981D0273C20034B564 /* Debug */,
				A9AAE4991D0273C20034B564 /* Release */,
			);
			defaultConfigurationIsVisible = 0;
			defaultConfigurationName = Release;
		};
		A9AAE49A1D0273C20034B564 /* Build configuration list for PBXNativeTarget "GoodWox" */ = {
			isa = XCConfigurationList;
			buildConfigurations = (
				A9AAE49B1D0273C20034B564 /* Debug */,
				A9AAE49C1D0273C20034B564 /* Release */,
			);
			defaultConfigurationIsVisible = 0;
			defaultConfigurationName = Release;
		};
/* End XCConfigurationList section */

/* Begin XCVersionGroup section */
		A9D4698C1D1EB707007C5B2B /* GoodWox.xcdatamodeld */ = {
			isa = XCVersionGroup;
			children = (
				A9D4698D1D1EB707007C5B2B /* GoodWox.xcdatamodel */,
			);
			currentVersion = A9D4698D1D1EB707007C5B2B /* GoodWox.xcdatamodel */;
			path = GoodWox.xcdatamodeld;
			sourceTree = "<group>";
			versionGroupType = wrapper.xcdatamodel;
		};
/* End XCVersionGroup section */
	};
	rootObject = A9AAE4801D0273C20034B564 /* Project object */;
}
