// !$*UTF8*$!
{
	archiveVersion = 1;
	classes = {
	};
	objectVersion = 46;
	objects = {

/* Begin PBXBuildFile section */
		A9863C131D03BB1C003FE7B3 /* ProfileController.swift in Sources */ = {isa = PBXBuildFile; fileRef = A9863C121D03BB1C003FE7B3 /* ProfileController.swift */; };
		A9863C151D03BD4D003FE7B3 /* ApplicationConstants.swift in Sources */ = {isa = PBXBuildFile; fileRef = A9863C141D03BD4D003FE7B3 /* ApplicationConstants.swift */; };
		A9863C171D03BD6D003FE7B3 /* Authentication.swift in Sources */ = {isa = PBXBuildFile; fileRef = A9863C161D03BD6D003FE7B3 /* Authentication.swift */; };
		A9AAE48C1D0273C20034B564 /* AppDelegate.swift in Sources */ = {isa = PBXBuildFile; fileRef = A9AAE48B1D0273C20034B564 /* AppDelegate.swift */; };
		A9AAE48E1D0273C20034B564 /* LoginController.swift in Sources */ = {isa = PBXBuildFile; fileRef = A9AAE48D1D0273C20034B564 /* LoginController.swift */; };
		A9AAE4911D0273C20034B564 /* Main.storyboard in Resources */ = {isa = PBXBuildFile; fileRef = A9AAE48F1D0273C20034B564 /* Main.storyboard */; };
		A9AAE4931D0273C20034B564 /* Assets.xcassets in Resources */ = {isa = PBXBuildFile; fileRef = A9AAE4921D0273C20034B564 /* Assets.xcassets */; };
		C79A623207062187CB969EDE /* libPods-GoodWox.a in Frameworks */ = {isa = PBXBuildFile; fileRef = F8B0F44A3A2F01AA16952C71 /* libPods-GoodWox.a */; };
/* End PBXBuildFile section */

/* Begin PBXFileReference section */
		111C376739DFF46C34F969C9 /* Pods-GoodWox.release.xcconfig */ = {isa = PBXFileReference; includeInIndex = 1; lastKnownFileType = text.xcconfig; name = "Pods-GoodWox.release.xcconfig"; path = "Pods/Target Support Files/Pods-GoodWox/Pods-GoodWox.release.xcconfig"; sourceTree = "<group>"; };
		A9863C121D03BB1C003FE7B3 /* ProfileController.swift */ = {isa = PBXFileReference; fileEncoding = 4; lastKnownFileType = sourcecode.swift; path = ProfileController.swift; sourceTree = "<group>"; };
		A9863C141D03BD4D003FE7B3 /* ApplicationConstants.swift */ = {isa = PBXFileReference; fileEncoding = 4; lastKnownFileType = sourcecode.swift; path = ApplicationConstants.swift; sourceTree = "<group>"; };
		A9863C161D03BD6D003FE7B3 /* Authentication.swift */ = {isa = PBXFileReference; fileEncoding = 4; lastKnownFileType = sourcecode.swift; path = Authentication.swift; sourceTree = "<group>"; };
		A9AAE4881D0273C20034B564 /* GoodWox.app */ = {isa = PBXFileReference; explicitFileType = wrapper.application; includeInIndex = 0; path = GoodWox.app; sourceTree = BUILT_PRODUCTS_DIR; };
		A9AAE48B1D0273C20034B564 /* AppDelegate.swift */ = {isa = PBXFileReference; lastKnownFileType = sourcecode.swift; path = AppDelegate.swift; sourceTree = "<group>"; };
		A9AAE48D1D0273C20034B564 /* LoginController.swift */ = {isa = PBXFileReference; lastKnownFileType = sourcecode.swift; path = LoginController.swift; sourceTree = "<group>"; };
		A9AAE4901D0273C20034B564 /* Base */ = {isa = PBXFileReference; lastKnownFileType = file.storyboard; name = Base; path = Base.lproj/Main.storyboard; sourceTree = "<group>"; };
		A9AAE4921D0273C20034B564 /* Assets.xcassets */ = {isa = PBXFileReference; lastKnownFileType = folder.assetcatalog; path = Assets.xcassets; sourceTree = "<group>"; };
		A9AAE4971D0273C20034B564 /* Info.plist */ = {isa = PBXFileReference; lastKnownFileType = text.plist.xml; path = Info.plist; sourceTree = "<group>"; };
		A9AAE4B11D02D1A20034B564 /* GoodWox-Bridging-Header.h */ = {isa = PBXFileReference; lastKnownFileType = sourcecode.c.h; path = "GoodWox-Bridging-Header.h"; sourceTree = "<group>"; };
		F8B0F44A3A2F01AA16952C71 /* libPods-GoodWox.a */ = {isa = PBXFileReference; explicitFileType = archive.ar; includeInIndex = 0; path = "libPods-GoodWox.a"; sourceTree = BUILT_PRODUCTS_DIR; };
		F93D50A30AF320F2BB755C5A /* Pods-GoodWox.debug.xcconfig */ = {isa = PBXFileReference; includeInIndex = 1; lastKnownFileType = text.xcconfig; name = "Pods-GoodWox.debug.xcconfig"; path = "Pods/Target Support Files/Pods-GoodWox/Pods-GoodWox.debug.xcconfig"; sourceTree = "<group>"; };
/* End PBXFileReference section */

/* Begin PBXFrameworksBuildPhase section */
		A9AAE4851D0273C20034B564 /* Frameworks */ = {
			isa = PBXFrameworksBuildPhase;
			buildActionMask = 2147483647;
			files = (
				C79A623207062187CB969EDE /* libPods-GoodWox.a in Frameworks */,
			);
			runOnlyForDeploymentPostprocessing = 0;
		};
/* End PBXFrameworksBuildPhase section */

/* Begin PBXGroup section */
		19B95BF27E40B9AD490BDCB3 /* Frameworks */ = {
			isa = PBXGroup;
			children = (
				F8B0F44A3A2F01AA16952C71 /* libPods-GoodWox.a */,
			);
			name = Frameworks;
			sourceTree = "<group>";
		};
		203FA76BE0E7B1BF27840E22 /* Pods */ = {
			isa = PBXGroup;
			children = (
				F93D50A30AF320F2BB755C5A /* Pods-GoodWox.debug.xcconfig */,
				111C376739DFF46C34F969C9 /* Pods-GoodWox.release.xcconfig */,
			);
			name = Pods;
			sourceTree = "<group>";
		};
		A9863C0F1D03B919003FE7B3 /* Resource */ = {
			isa = PBXGroup;
			children = (
				A9AAE4971D0273C20034B564 /* Info.plist */,
				A9AAE4921D0273C20034B564 /* Assets.xcassets */,
			);
			name = Resource;
			sourceTree = "<group>";
		};
		A9863C101D03B92A003FE7B3 /* Controller */ = {
			isa = PBXGroup;
			children = (
				A9AAE48B1D0273C20034B564 /* AppDelegate.swift */,
				A9AAE48D1D0273C20034B564 /* LoginController.swift */,
				A9863C121D03BB1C003FE7B3 /* ProfileController.swift */,
			);
			name = Controller;
			sourceTree = "<group>";
		};
		A9863C111D03B938003FE7B3 /* View */ = {
			isa = PBXGroup;
			children = (
				A9AAE48F1D0273C20034B564 /* Main.storyboard */,
			);
			name = View;
			sourceTree = "<group>";
		};
		A9AAE47F1D0273C20034B564 = {
			isa = PBXGroup;
			children = (
				A9AAE48A1D0273C20034B564 /* GoodWox */,
				A9AAE4891D0273C20034B564 /* Products */,
				203FA76BE0E7B1BF27840E22 /* Pods */,
				19B95BF27E40B9AD490BDCB3 /* Frameworks */,
			);
			sourceTree = "<group>";
		};
		A9AAE4891D0273C20034B564 /* Products */ = {
			isa = PBXGroup;
			children = (
				A9AAE4881D0273C20034B564 /* GoodWox.app */,
			);
			name = Products;
			sourceTree = "<group>";
		};
		A9AAE48A1D0273C20034B564 /* GoodWox */ = {
			isa = PBXGroup;
			children = (
				A9863C111D03B938003FE7B3 /* View */,
				A9863C101D03B92A003FE7B3 /* Controller */,
				A9863C0F1D03B919003FE7B3 /* Resource */,
				A9AAE4A71D02C9A20034B564 /* Office365 */,
				A9AAE4B11D02D1A20034B564 /* GoodWox-Bridging-Header.h */,
			);
			path = GoodWox;
			sourceTree = "<group>";
		};
		A9AAE4A71D02C9A20034B564 /* Office365 */ = {
			isa = PBXGroup;
			children = (
				A9863C161D03BD6D003FE7B3 /* Authentication.swift */,
				A9863C141D03BD4D003FE7B3 /* ApplicationConstants.swift */,
			);
			path = Office365;
			sourceTree = "<group>";
		};
/* End PBXGroup section */

/* Begin PBXNativeTarget section */
		A9AAE4871D0273C20034B564 /* GoodWox */ = {
			isa = PBXNativeTarget;
			buildConfigurationList = A9AAE49A1D0273C20034B564 /* Build configuration list for PBXNativeTarget "GoodWox" */;
			buildPhases = (
				EE93B588ECFB1AFF777EB341 /* [CP] Check Pods Manifest.lock */,
				A9AAE4841D0273C20034B564 /* Sources */,
				A9AAE4851D0273C20034B564 /* Frameworks */,
				A9AAE4861D0273C20034B564 /* Resources */,
				A2BC0C2BAAB3C42A0BDDFA09 /* [CP] Embed Pods Frameworks */,
				60598BB1E79DFCB2499586A3 /* [CP] Copy Pods Resources */,
			);
			buildRules = (
			);
			dependencies = (
			);
			name = GoodWox;
			productName = GoodWox;
			productReference = A9AAE4881D0273C20034B564 /* GoodWox.app */;
			productType = "com.apple.product-type.application";
		};
/* End PBXNativeTarget section */

/* Begin PBXProject section */
		A9AAE4801D0273C20034B564 /* Project object */ = {
			isa = PBXProject;
			attributes = {
				LastSwiftUpdateCheck = 0730;
				LastUpgradeCheck = 0730;
				ORGANIZATIONNAME = WiAdvance;
				TargetAttributes = {
					A9AAE4871D0273C20034B564 = {
						CreatedOnToolsVersion = 7.3.1;
						DevelopmentTeam = U4822EP996;
					};
				};
			};
			buildConfigurationList = A9AAE4831D0273C20034B564 /* Build configuration list for PBXProject "GoodWox" */;
			compatibilityVersion = "Xcode 3.2";
			developmentRegion = English;
			hasScannedForEncodings = 0;
			knownRegions = (
				en,
				Base,
			);
			mainGroup = A9AAE47F1D0273C20034B564;
			productRefGroup = A9AAE4891D0273C20034B564 /* Products */;
			projectDirPath = "";
			projectRoot = "";
			targets = (
				A9AAE4871D0273C20034B564 /* GoodWox */,
			);
		};
/* End PBXProject section */

/* Begin PBXResourcesBuildPhase section */
		A9AAE4861D0273C20034B564 /* Resources */ = {
			isa = PBXResourcesBuildPhase;
			buildActionMask = 2147483647;
			files = (
				A9AAE4931D0273C20034B564 /* Assets.xcassets in Resources */,
				A9AAE4911D0273C20034B564 /* Main.storyboard in Resources */,
			);
			runOnlyForDeploymentPostprocessing = 0;
		};
/* End PBXResourcesBuildPhase section */

/* Begin PBXShellScriptBuildPhase section */
		60598BB1E79DFCB2499586A3 /* [CP] Copy Pods Resources */ = {
			isa = PBXShellScriptBuildPhase;
			buildActionMask = 2147483647;
			files = (
			);
			inputPaths = (
			);
			name = "[CP] Copy Pods Resources";
			outputPaths = (
			);
			runOnlyForDeploymentPostprocessing = 0;
			shellPath = /bin/sh;
			shellScript = "\"${SRCROOT}/Pods/Target Support Files/Pods-GoodWox/Pods-GoodWox-resources.sh\"\n";
			showEnvVarsInLog = 0;
		};
		A2BC0C2BAAB3C42A0BDDFA09 /* [CP] Embed Pods Frameworks */ = {
			isa = PBXShellScriptBuildPhase;
			buildActionMask = 2147483647;
			files = (
			);
			inputPaths = (
			);
			name = "[CP] Embed Pods Frameworks";
			outputPaths = (
			);
			runOnlyForDeploymentPostprocessing = 0;
			shellPath = /bin/sh;
			shellScript = "\"${SRCROOT}/Pods/Target Support Files/Pods-GoodWox/Pods-GoodWox-frameworks.sh\"\n";
			showEnvVarsInLog = 0;
		};
		EE93B588ECFB1AFF777EB341 /* [CP] Check Pods Manifest.lock */ = {
			isa = PBXShellScriptBuildPhase;
			buildActionMask = 2147483647;
			files = (
			);
			inputPaths = (
			);
			name = "[CP] Check Pods Manifest.lock";
			outputPaths = (
			);
			runOnlyForDeploymentPostprocessing = 0;
			shellPath = /bin/sh;
			shellScript = "diff \"${PODS_ROOT}/../Podfile.lock\" \"${PODS_ROOT}/Manifest.lock\" > /dev/null\nif [[ $? != 0 ]] ; then\n    cat << EOM\nerror: The sandbox is not in sync with the Podfile.lock. Run 'pod install' or update your CocoaPods installation.\nEOM\n    exit 1\nfi\n";
			showEnvVarsInLog = 0;
		};
/* End PBXShellScriptBuildPhase section */

/* Begin PBXSourcesBuildPhase section */
		A9AAE4841D0273C20034B564 /* Sources */ = {
			isa = PBXSourcesBuildPhase;
			buildActionMask = 2147483647;
			files = (
				A9AAE48E1D0273C20034B564 /* LoginController.swift in Sources */,
				A9AAE48C1D0273C20034B564 /* AppDelegate.swift in Sources */,
				A9863C151D03BD4D003FE7B3 /* ApplicationConstants.swift in Sources */,
				A9863C171D03BD6D003FE7B3 /* Authentication.swift in Sources */,
				A9863C131D03BB1C003FE7B3 /* ProfileController.swift in Sources */,
			);
			runOnlyForDeploymentPostprocessing = 0;
		};
/* End PBXSourcesBuildPhase section */

/* Begin PBXVariantGroup section */
		A9AAE48F1D0273C20034B564 /* Main.storyboard */ = {
			isa = PBXVariantGroup;
			children = (
				A9AAE4901D0273C20034B564 /* Base */,
			);
			name = Main.storyboard;
			sourceTree = "<group>";
		};
/* End PBXVariantGroup section */

/* Begin XCBuildConfiguration section */
		A9AAE4981D0273C20034B564 /* Debug */ = {
			isa = XCBuildConfiguration;
			buildSettings = {
				ALWAYS_SEARCH_USER_PATHS = NO;
				CLANG_ANALYZER_NONNULL = YES;
				CLANG_CXX_LANGUAGE_STANDARD = "gnu++0x";
				CLANG_CXX_LIBRARY = "libc++";
				CLANG_ENABLE_MODULES = YES;
				CLANG_ENABLE_OBJC_ARC = YES;
				CLANG_WARN_BOOL_CONVERSION = YES;
				CLANG_WARN_CONSTANT_CONVERSION = YES;
				CLANG_WARN_DIRECT_OBJC_ISA_USAGE = YES_ERROR;
				CLANG_WARN_EMPTY_BODY = YES;
				CLANG_WARN_ENUM_CONVERSION = YES;
				CLANG_WARN_INT_CONVERSION = YES;
				CLANG_WARN_OBJC_ROOT_CLASS = YES_ERROR;
				CLANG_WARN_UNREACHABLE_CODE = YES;
				CLANG_WARN__DUPLICATE_METHOD_MATCH = YES;
				"CODE_SIGN_IDENTITY[sdk=iphoneos*]" = "iPhone Developer";
				COPY_PHASE_STRIP = NO;
				DEBUG_INFORMATION_FORMAT = dwarf;
				ENABLE_STRICT_OBJC_MSGSEND = YES;
				ENABLE_TESTABILITY = YES;
				GCC_C_LANGUAGE_STANDARD = gnu99;
				GCC_DYNAMIC_NO_PIC = NO;
				GCC_NO_COMMON_BLOCKS = YES;
				GCC_OPTIMIZATION_LEVEL = 0;
				GCC_PREPROCESSOR_DEFINITIONS = (
					"DEBUG=1",
					"$(inherited)",
				);
				GCC_WARN_64_TO_32_BIT_CONVERSION = YES;
				GCC_WARN_ABOUT_RETURN_TYPE = YES_ERROR;
				GCC_WARN_UNDECLARED_SELECTOR = YES;
				GCC_WARN_UNINITIALIZED_AUTOS = YES_AGGRESSIVE;
				GCC_WARN_UNUSED_FUNCTION = YES;
				GCC_WARN_UNUSED_VARIABLE = YES;
				IPHONEOS_DEPLOYMENT_TARGET = 9.3;
				MTL_ENABLE_DEBUG_INFO = YES;
				ONLY_ACTIVE_ARCH = YES;
				SDKROOT = iphoneos;
				SWIFT_OPTIMIZATION_LEVEL = "-Onone";
				TARGETED_DEVICE_FAMILY = "1,2";
			};
			name = Debug;
		};
		A9AAE4991D0273C20034B564 /* Release */ = {
			isa = XCBuildConfiguration;
			buildSettings = {
				ALWAYS_SEARCH_USER_PATHS = NO;
				CLANG_ANALYZER_NONNULL = YES;
				CLANG_CXX_LANGUAGE_STANDARD = "gnu++0x";
				CLANG_CXX_LIBRARY = "libc++";
				CLANG_ENABLE_MODULES = YES;
				CLANG_ENABLE_OBJC_ARC = YES;
				CLANG_WARN_BOOL_CONVERSION = YES;
				CLANG_WARN_CONSTANT_CONVERSION = YES;
				CLANG_WARN_DIRECT_OBJC_ISA_USAGE = YES_ERROR;
				CLANG_WARN_EMPTY_BODY = YES;
				CLANG_WARN_ENUM_CONVERSION = YES;
				CLANG_WARN_INT_CONVERSION = YES;
				CLANG_WARN_OBJC_ROOT_CLASS = YES_ERROR;
				CLANG_WARN_UNREACHABLE_CODE = YES;
				CLANG_WARN__DUPLICATE_METHOD_MATCH = YES;
				"CODE_SIGN_IDENTITY[sdk=iphoneos*]" = "iPhone Developer";
				COPY_PHASE_STRIP = NO;
				DEBUG_INFORMATION_FORMAT = "dwarf-with-dsym";
				ENABLE_NS_ASSERTIONS = NO;
				ENABLE_STRICT_OBJC_MSGSEND = YES;
				GCC_C_LANGUAGE_STANDARD = gnu99;
				GCC_NO_COMMON_BLOCKS = YES;
				GCC_WARN_64_TO_32_BIT_CONVERSION = YES;
				GCC_WARN_ABOUT_RETURN_TYPE = YES_ERROR;
				GCC_WARN_UNDECLARED_SELECTOR = YES;
				GCC_WARN_UNINITIALIZED_AUTOS = YES_AGGRESSIVE;
				GCC_WARN_UNUSED_FUNCTION = YES;
				GCC_WARN_UNUSED_VARIABLE = YES;
				IPHONEOS_DEPLOYMENT_TARGET = 9.3;
				MTL_ENABLE_DEBUG_INFO = NO;
				SDKROOT = iphoneos;
				TARGETED_DEVICE_FAMILY = "1,2";
				VALIDATE_PRODUCT = YES;
			};
			name = Release;
		};
		A9AAE49B1D0273C20034B564 /* Debug */ = {
			isa = XCBuildConfiguration;
			baseConfigurationReference = F93D50A30AF320F2BB755C5A /* Pods-GoodWox.debug.xcconfig */;
			buildSettings = {
				ASSETCATALOG_COMPILER_APPICON_NAME = AppIcon;
				CODE_SIGN_IDENTITY = "iPhone Developer";
				"CODE_SIGN_IDENTITY[sdk=iphoneos*]" = "iPhone Developer";
				INFOPLIST_FILE = GoodWox/Info.plist;
				LD_RUNPATH_SEARCH_PATHS = "$(inherited) @executable_path/Frameworks";
				PRODUCT_BUNDLE_IDENTIFIER = com.wiadvance.GoodWox;
				PRODUCT_NAME = "$(TARGET_NAME)";
				PROVISIONING_PROFILE = "";
				SWIFT_OBJC_BRIDGING_HEADER = "GoodWox/GoodWox-Bridging-Header.h";
				SWIFT_OBJC_INTERFACE_HEADER_NAME = "$(SWIFT_MODULE_NAME)-Swift.h";
			};
			name = Debug;
		};
		A9AAE49C1D0273C20034B564 /* Release */ = {
			isa = XCBuildConfiguration;
			baseConfigurationReference = 111C376739DFF46C34F969C9 /* Pods-GoodWox.release.xcconfig */;
			buildSettings = {
				ASSETCATALOG_COMPILER_APPICON_NAME = AppIcon;
				CODE_SIGN_IDENTITY = "iPhone Developer";
				"CODE_SIGN_IDENTITY[sdk=iphoneos*]" = "iPhone Developer";
				INFOPLIST_FILE = GoodWox/Info.plist;
				LD_RUNPATH_SEARCH_PATHS = "$(inherited) @executable_path/Frameworks";
				PRODUCT_BUNDLE_IDENTIFIER = com.wiadvance.GoodWox;
				PRODUCT_NAME = "$(TARGET_NAME)";
				PROVISIONING_PROFILE = "";
				SWIFT_OBJC_BRIDGING_HEADER = "GoodWox/GoodWox-Bridging-Header.h";
				SWIFT_OBJC_INTERFACE_HEADER_NAME = "$(SWIFT_MODULE_NAME)-Swift.h";
			};
			name = Release;
		};
/* End XCBuildConfiguration section */

/* Begin XCConfigurationList section */
		A9AAE4831D0273C20034B564 /* Build configuration list for PBXProject "GoodWox" */ = {
			isa = XCConfigurationList;
			buildConfigurations = (
				A9AAE4981D0273C20034B564 /* Debug */,
				A9AAE4991D0273C20034B564 /* Release */,
			);
			defaultConfigurationIsVisible = 0;
			defaultConfigurationName = Release;
		};
		A9AAE49A1D0273C20034B564 /* Build configuration list for PBXNativeTarget "GoodWox" */ = {
			isa = XCConfigurationList;
			buildConfigurations = (
				A9AAE49B1D0273C20034B564 /* Debug */,
				A9AAE49C1D0273C20034B564 /* Release */,
			);
			defaultConfigurationIsVisible = 0;
			defaultConfigurationName = Release;
		};
/* End XCConfigurationList section */
	};
	rootObject = A9AAE4801D0273C20034B564 /* Project object */;
}
